// !$*UTF8*$!
{
	archiveVersion = 1;
	classes = {
	};
	objectVersion = 46;
	objects = {

/* Begin PBXBuildFile section */
		8F01B0621E2403AC004F4D72 /* GLog.h in Headers */ = {isa = PBXBuildFile; fileRef = 8F01B0611E2403AC004F4D72 /* GLog.h */; };
		8F01B0641E2403C5004F4D72 /* GLog.cpp in Sources */ = {isa = PBXBuildFile; fileRef = 8F01B0631E2403C5004F4D72 /* GLog.cpp */; };
		8F01B0AF1E240451004F4D72 /* GLog.cpp in Sources */ = {isa = PBXBuildFile; fileRef = 8F01B0631E2403C5004F4D72 /* GLog.cpp */; };
		8F01B0B21E240451004F4D72 /* GLog.h in Headers */ = {isa = PBXBuildFile; fileRef = 8F01B0611E2403AC004F4D72 /* GLog.h */; };
/* End PBXBuildFile section */

/* Begin PBXFileReference section */
		8F01AFF41E240223004F4D72 /* GLog.a */ = {isa = PBXFileReference; explicitFileType = archive.ar; includeInIndex = 0; path = GLog.a; sourceTree = BUILT_PRODUCTS_DIR; };
		8F01B0611E2403AC004F4D72 /* GLog.h */ = {isa = PBXFileReference; fileEncoding = 4; lastKnownFileType = sourcecode.c.h; name = GLog.h; path = ../../../Interface/G_System/GLog.h; sourceTree = "<group>"; };
		8F01B0631E2403C5004F4D72 /* GLog.cpp */ = {isa = PBXFileReference; fileEncoding = 4; lastKnownFileType = sourcecode.cpp.cpp; name = GLog.cpp; path = ../../../Source/G_System/GLog.cpp; sourceTree = "<group>"; };
		8F01B0B61E240451004F4D72 /* GLog.a */ = {isa = PBXFileReference; explicitFileType = archive.ar; includeInIndex = 0; path = GLog.a; sourceTree = BUILT_PRODUCTS_DIR; };
/* End PBXFileReference section */

/* Begin PBXFrameworksBuildPhase section */
		8F01AFF11E240223004F4D72 /* Frameworks */ = {
			isa = PBXFrameworksBuildPhase;
			buildActionMask = 2147483647;
			files = (
			);
			runOnlyForDeploymentPostprocessing = 0;
		};
		8F01B0B01E240451004F4D72 /* Frameworks */ = {
			isa = PBXFrameworksBuildPhase;
			buildActionMask = 2147483647;
			files = (
			);
			runOnlyForDeploymentPostprocessing = 0;
		};
/* End PBXFrameworksBuildPhase section */

/* Begin PBXGroup section */
		8F01AFEB1E240222004F4D72 = {
			isa = PBXGroup;
			children = (
				8F01B0631E2403C5004F4D72 /* GLog.cpp */,
				8F01B0611E2403AC004F4D72 /* GLog.h */,
				8F01AFF51E240223004F4D72 /* Products */,
			);
			sourceTree = "<group>";
		};
		8F01AFF51E240223004F4D72 /* Products */ = {
			isa = PBXGroup;
			children = (
				8F01AFF41E240223004F4D72 /* GLog.a */,
				8F01B0B61E240451004F4D72 /* GLog.a */,
			);
			name = Products;
			sourceTree = "<group>";
		};
/* End PBXGroup section */

/* Begin PBXHeadersBuildPhase section */
		8F01AFF21E240223004F4D72 /* Headers */ = {
			isa = PBXHeadersBuildPhase;
			buildActionMask = 2147483647;
			files = (
				8F01B0621E2403AC004F4D72 /* GLog.h in Headers */,
			);
			runOnlyForDeploymentPostprocessing = 0;
		};
		8F01B0B11E240451004F4D72 /* Headers */ = {
			isa = PBXHeadersBuildPhase;
			buildActionMask = 2147483647;
			files = (
				8F01B0B21E240451004F4D72 /* GLog.h in Headers */,
			);
			runOnlyForDeploymentPostprocessing = 0;
		};
/* End PBXHeadersBuildPhase section */

/* Begin PBXNativeTarget section */
		8F01AFF31E240223004F4D72 /* GLog amd64 */ = {
			isa = PBXNativeTarget;
			buildConfigurationList = 8F01AFF81E240223004F4D72 /* Build configuration list for PBXNativeTarget "GLog amd64" */;
			buildPhases = (
				8F01AFF01E240223004F4D72 /* Sources */,
				8F01AFF11E240223004F4D72 /* Frameworks */,
				8F01AFF21E240223004F4D72 /* Headers */,
			);
			buildRules = (
			);
			dependencies = (
			);
			name = "GLog amd64";
			productName = GLog;
			productReference = 8F01AFF41E240223004F4D72 /* GLog.a */;
			productType = "com.apple.product-type.library.static";
		};
		8F01B0AD1E240451004F4D72 /* GLog i386 */ = {
			isa = PBXNativeTarget;
			buildConfigurationList = 8F01B0B31E240451004F4D72 /* Build configuration list for PBXNativeTarget "GLog i386" */;
			buildPhases = (
				8F01B0AE1E240451004F4D72 /* Sources */,
				8F01B0B01E240451004F4D72 /* Frameworks */,
				8F01B0B11E240451004F4D72 /* Headers */,
			);
			buildRules = (
			);
			dependencies = (
			);
			name = "GLog i386";
			productName = GLog;
			productReference = 8F01B0B61E240451004F4D72 /* GLog.a */;
			productType = "com.apple.product-type.library.static";
		};
/* End PBXNativeTarget section */

/* Begin PBXProject section */
		8F01AFEC1E240222004F4D72 /* Project object */ = {
			isa = PBXProject;
			attributes = {
				LastUpgradeCheck = 0810;
				ORGANIZATIONNAME = "GDBS Tools";
				TargetAttributes = {
					8F01AFF31E240223004F4D72 = {
						CreatedOnToolsVersion = 8.1;
						ProvisioningStyle = Automatic;
					};
				};
			};
			buildConfigurationList = 8F01AFEF1E240222004F4D72 /* Build configuration list for PBXProject "GLog" */;
			compatibilityVersion = "Xcode 3.2";
			developmentRegion = English;
			hasScannedForEncodings = 0;
			knownRegions = (
				en,
			);
			mainGroup = 8F01AFEB1E240222004F4D72;
			productRefGroup = 8F01AFF51E240223004F4D72 /* Products */;
			projectDirPath = "";
			projectRoot = "";
			targets = (
				8F01AFF31E240223004F4D72 /* GLog amd64 */,
				8F01B0AD1E240451004F4D72 /* GLog i386 */,
			);
		};
/* End PBXProject section */

/* Begin PBXSourcesBuildPhase section */
		8F01AFF01E240223004F4D72 /* Sources */ = {
			isa = PBXSourcesBuildPhase;
			buildActionMask = 2147483647;
			files = (
				8F01B0641E2403C5004F4D72 /* GLog.cpp in Sources */,
			);
			runOnlyForDeploymentPostprocessing = 0;
		};
		8F01B0AE1E240451004F4D72 /* Sources */ = {
			isa = PBXSourcesBuildPhase;
			buildActionMask = 2147483647;
			files = (
				8F01B0AF1E240451004F4D72 /* GLog.cpp in Sources */,
			);
			runOnlyForDeploymentPostprocessing = 0;
		};
/* End PBXSourcesBuildPhase section */

/* Begin XCBuildConfiguration section */
		8F01AFF61E240223004F4D72 /* Debug */ = {
			isa = XCBuildConfiguration;
			buildSettings = {
				ALWAYS_SEARCH_USER_PATHS = NO;
				CLANG_ANALYZER_NONNULL = YES;
				CLANG_CXX_LANGUAGE_STANDARD = "gnu++0x";
				CLANG_CXX_LIBRARY = "libc++";
				CLANG_ENABLE_MODULES = YES;
				CLANG_ENABLE_OBJC_ARC = YES;
				CLANG_WARN_BOOL_CONVERSION = YES;
				CLANG_WARN_CONSTANT_CONVERSION = YES;
				CLANG_WARN_DIRECT_OBJC_ISA_USAGE = YES_ERROR;
				CLANG_WARN_DOCUMENTATION_COMMENTS = YES;
				CLANG_WARN_EMPTY_BODY = YES;
				CLANG_WARN_ENUM_CONVERSION = YES;
				CLANG_WARN_INFINITE_RECURSION = YES;
				CLANG_WARN_INT_CONVERSION = YES;
				CLANG_WARN_OBJC_ROOT_CLASS = YES_ERROR;
				CLANG_WARN_SUSPICIOUS_MOVES = YES;
				CLANG_WARN_UNREACHABLE_CODE = YES;
				CLANG_WARN__DUPLICATE_METHOD_MATCH = YES;
				CODE_SIGN_IDENTITY = "-";
				COPY_PHASE_STRIP = NO;
				DEBUG_INFORMATION_FORMAT = dwarf;
				ENABLE_STRICT_OBJC_MSGSEND = YES;
				ENABLE_TESTABILITY = YES;
				GCC_C_LANGUAGE_STANDARD = gnu99;
				GCC_DYNAMIC_NO_PIC = NO;
				GCC_NO_COMMON_BLOCKS = YES;
				GCC_OPTIMIZATION_LEVEL = 0;
				GCC_PREPROCESSOR_DEFINITIONS = (
					"DEBUG=1",
					"$(inherited)",
				);
				GCC_WARN_64_TO_32_BIT_CONVERSION = YES;
				GCC_WARN_ABOUT_RETURN_TYPE = YES_ERROR;
				GCC_WARN_UNDECLARED_SELECTOR = YES;
				GCC_WARN_UNINITIALIZED_AUTOS = YES_AGGRESSIVE;
				GCC_WARN_UNUSED_FUNCTION = YES;
				GCC_WARN_UNUSED_VARIABLE = YES;
				MACOSX_DEPLOYMENT_TARGET = 10.12;
				MTL_ENABLE_DEBUG_INFO = YES;
				ONLY_ACTIVE_ARCH = YES;
				SDKROOT = macosx;
			};
			name = Debug;
		};
		8F01AFF71E240223004F4D72 /* Release */ = {
			isa = XCBuildConfiguration;
			buildSettings = {
				ALWAYS_SEARCH_USER_PATHS = NO;
				CLANG_ANALYZER_NONNULL = YES;
				CLANG_CXX_LANGUAGE_STANDARD = "gnu++0x";
				CLANG_CXX_LIBRARY = "libc++";
				CLANG_ENABLE_MODULES = YES;
				CLANG_ENABLE_OBJC_ARC = YES;
				CLANG_WARN_BOOL_CONVERSION = YES;
				CLANG_WARN_CONSTANT_CONVERSION = YES;
				CLANG_WARN_DIRECT_OBJC_ISA_USAGE = YES_ERROR;
				CLANG_WARN_DOCUMENTATION_COMMENTS = YES;
				CLANG_WARN_EMPTY_BODY = YES;
				CLANG_WARN_ENUM_CONVERSION = YES;
				CLANG_WARN_INFINITE_RECURSION = YES;
				CLANG_WARN_INT_CONVERSION = YES;
				CLANG_WARN_OBJC_ROOT_CLASS = YES_ERROR;
				CLANG_WARN_SUSPICIOUS_MOVES = YES;
				CLANG_WARN_UNREACHABLE_CODE = YES;
				CLANG_WARN__DUPLICATE_METHOD_MATCH = YES;
				CODE_SIGN_IDENTITY = "-";
				COPY_PHASE_STRIP = NO;
				DEBUG_INFORMATION_FORMAT = "dwarf-with-dsym";
				ENABLE_NS_ASSERTIONS = NO;
				ENABLE_STRICT_OBJC_MSGSEND = YES;
				GCC_C_LANGUAGE_STANDARD = gnu99;
				GCC_NO_COMMON_BLOCKS = YES;
				GCC_WARN_64_TO_32_BIT_CONVERSION = YES;
				GCC_WARN_ABOUT_RETURN_TYPE = YES_ERROR;
				GCC_WARN_UNDECLARED_SELECTOR = YES;
				GCC_WARN_UNINITIALIZED_AUTOS = YES_AGGRESSIVE;
				GCC_WARN_UNUSED_FUNCTION = YES;
				GCC_WARN_UNUSED_VARIABLE = YES;
				MACOSX_DEPLOYMENT_TARGET = 10.12;
				MTL_ENABLE_DEBUG_INFO = NO;
				SDKROOT = macosx;
			};
			name = Release;
		};
		8F01AFF91E240223004F4D72 /* Debug */ = {
			isa = XCBuildConfiguration;
			buildSettings = {
				ARCHS = "$(ARCHS_STANDARD_64_BIT)";
				CONFIGURATION_BUILD_DIR = "$(BUILD_DIR)/amd64/$(CONFIGURATION)";
				EXECUTABLE_PREFIX = "";
				PRODUCT_NAME = GLog;
				VALID_ARCHS = x86_64;
			};
			name = Debug;
		};
		8F01AFFA1E240223004F4D72 /* Release */ = {
			isa = XCBuildConfiguration;
			buildSettings = {
				ARCHS = "$(ARCHS_STANDARD_64_BIT)";
				CONFIGURATION_BUILD_DIR = "$(BUILD_DIR)/amd64/$(CONFIGURATION)";
				EXECUTABLE_PREFIX = "";
				PRODUCT_NAME = GLog;
				VALID_ARCHS = x86_64;
			};
			name = Release;
		};
		8F01B0B41E240451004F4D72 /* Debug */ = {
			isa = XCBuildConfiguration;
			buildSettings = {
				ARCHS = "$(ARCHS_STANDARD_32_BIT)";
				CONFIGURATION_BUILD_DIR = "$(BUILD_DIR)/i386/$(CONFIGURATION)";
				EXECUTABLE_PREFIX = "";
				PRODUCT_NAME = GLog;
				VALID_ARCHS = i386;
			};
			name = Debug;
		};
		8F01B0B51E240451004F4D72 /* Release */ = {
			isa = XCBuildConfiguration;
			buildSettings = {
				ARCHS = "$(ARCHS_STANDARD_32_BIT)";
				CONFIGURATION_BUILD_DIR = "$(BUILD_DIR)/i386/$(CONFIGURATION)";
				EXECUTABLE_PREFIX = "";
				PRODUCT_NAME = GLog;
				VALID_ARCHS = i386;
			};
			name = Release;
		};
/* End XCBuildConfiguration section */

/* Begin XCConfigurationList section */
		8F01AFEF1E240222004F4D72 /* Build configuration list for PBXProject "GLog" */ = {
			isa = XCConfigurationList;
			buildConfigurations = (
				8F01AFF61E240223004F4D72 /* Debug */,
				8F01AFF71E240223004F4D72 /* Release */,
			);
			defaultConfigurationIsVisible = 0;
			defaultConfigurationName = Release;
		};
		8F01AFF81E240223004F4D72 /* Build configuration list for PBXNativeTarget "GLog amd64" */ = {
			isa = XCConfigurationList;
			buildConfigurations = (
				8F01AFF91E240223004F4D72 /* Debug */,
				8F01AFFA1E240223004F4D72 /* Release */,
			);
			defaultConfigurationIsVisible = 0;
			defaultConfigurationName = Release;
		};
		8F01B0B31E240451004F4D72 /* Build configuration list for PBXNativeTarget "GLog i386" */ = {
			isa = XCConfigurationList;
			buildConfigurations = (
				8F01B0B41E240451004F4D72 /* Debug */,
				8F01B0B51E240451004F4D72 /* Release */,
			);
			defaultConfigurationIsVisible = 0;
			defaultConfigurationName = Release;
		};
/* End XCConfigurationList section */
	};
	rootObject = 8F01AFEC1E240222004F4D72 /* Project object */;
}
