// !$*UTF8*$!
{
	archiveVersion = 1;
	classes = {
	};
	objectVersion = 46;
	objects = {

/* Begin PBXBuildFile section */
		8F2246791DEF646900826DFC /* GLog.cpp in Sources */ = {isa = PBXBuildFile; fileRef = 8F2246781DEF646900826DFC /* GLog.cpp */; };
		8F2246821DEF69EB00826DFC /* GLog.cpp in Sources */ = {isa = PBXBuildFile; fileRef = 8F2246781DEF646900826DFC /* GLog.cpp */; };
/* End PBXBuildFile section */

/* Begin PBXFileReference section */
		8F2246601DEF62D800826DFC /* GLog.a */ = {isa = PBXFileReference; explicitFileType = archive.ar; includeInIndex = 0; path = GLog.a; sourceTree = BUILT_PRODUCTS_DIR; };
		8F2246781DEF646900826DFC /* GLog.cpp */ = {isa = PBXFileReference; fileEncoding = 4; lastKnownFileType = sourcecode.cpp.cpp; name = GLog.cpp; path = ../../Source/G_System/GLog.cpp; sourceTree = "<group>"; };
		8F22467E1DEF673000826DFC /* GLog.a */ = {isa = PBXFileReference; explicitFileType = archive.ar; includeInIndex = 0; path = GLog.a; sourceTree = BUILT_PRODUCTS_DIR; };
/* End PBXFileReference section */

/* Begin PBXFrameworksBuildPhase section */
		8F22465D1DEF62D800826DFC /* Frameworks */ = {
			isa = PBXFrameworksBuildPhase;
			buildActionMask = 2147483647;
			files = (
			);
			runOnlyForDeploymentPostprocessing = 0;
		};
		8F22467B1DEF673000826DFC /* Frameworks */ = {
			isa = PBXFrameworksBuildPhase;
			buildActionMask = 2147483647;
			files = (
			);
			runOnlyForDeploymentPostprocessing = 0;
		};
/* End PBXFrameworksBuildPhase section */

/* Begin PBXGroup section */
		8F2246571DEF62D700826DFC = {
			isa = PBXGroup;
			children = (
				8F2246781DEF646900826DFC /* GLog.cpp */,
				8F2246611DEF62D800826DFC /* Products */,
			);
			sourceTree = "<group>";
		};
		8F2246611DEF62D800826DFC /* Products */ = {
			isa = PBXGroup;
			children = (
				8F2246601DEF62D800826DFC /* GLog.a */,
				8F22467E1DEF673000826DFC /* GLog.a */,
			);
			name = Products;
			sourceTree = "<group>";
		};
/* End PBXGroup section */

/* Begin PBXHeadersBuildPhase section */
		8F22465E1DEF62D800826DFC /* Headers */ = {
			isa = PBXHeadersBuildPhase;
			buildActionMask = 2147483647;
			files = (
			);
			runOnlyForDeploymentPostprocessing = 0;
		};
		8F22467C1DEF673000826DFC /* Headers */ = {
			isa = PBXHeadersBuildPhase;
			buildActionMask = 2147483647;
			files = (
			);
			runOnlyForDeploymentPostprocessing = 0;
		};
/* End PBXHeadersBuildPhase section */

/* Begin PBXNativeTarget section */
		8F22465F1DEF62D800826DFC /* GLog */ = {
			isa = PBXNativeTarget;
			buildConfigurationList = 8F2246641DEF62D800826DFC /* Build configuration list for PBXNativeTarget "GLog" */;
			buildPhases = (
				8F22465C1DEF62D800826DFC /* Sources */,
				8F22465D1DEF62D800826DFC /* Frameworks */,
				8F22465E1DEF62D800826DFC /* Headers */,
			);
			buildRules = (
			);
			dependencies = (
			);
			name = GLog;
			productName = GLog;
			productReference = 8F2246601DEF62D800826DFC /* GLog.a */;
			productType = "com.apple.product-type.library.static";
		};
		8F22467D1DEF673000826DFC /* GLog x32 */ = {
			isa = PBXNativeTarget;
			buildConfigurationList = 8F22467F1DEF673000826DFC /* Build configuration list for PBXNativeTarget "GLog x32" */;
			buildPhases = (
				8F22467A1DEF673000826DFC /* Sources */,
				8F22467B1DEF673000826DFC /* Frameworks */,
				8F22467C1DEF673000826DFC /* Headers */,
			);
			buildRules = (
			);
			dependencies = (
			);
			name = "GLog x32";
			productName = "GLog x32";
			productReference = 8F22467E1DEF673000826DFC /* GLog.a */;
			productType = "com.apple.product-type.library.static";
		};
/* End PBXNativeTarget section */

/* Begin PBXProject section */
		8F2246581DEF62D700826DFC /* Project object */ = {
			isa = PBXProject;
			attributes = {
				LastUpgradeCheck = 0810;
				ORGANIZATIONNAME = "GDBS Tools";
				TargetAttributes = {
					8F22465F1DEF62D800826DFC = {
						CreatedOnToolsVersion = 8.1;
						ProvisioningStyle = Automatic;
					};
					8F22467D1DEF673000826DFC = {
						CreatedOnToolsVersion = 8.1;
						ProvisioningStyle = Automatic;
					};
				};
			};
			buildConfigurationList = 8F22465B1DEF62D700826DFC /* Build configuration list for PBXProject "GLog" */;
			compatibilityVersion = "Xcode 3.2";
			developmentRegion = English;
			hasScannedForEncodings = 0;
			knownRegions = (
				en,
			);
			mainGroup = 8F2246571DEF62D700826DFC;
			productRefGroup = 8F2246611DEF62D800826DFC /* Products */;
			projectDirPath = "";
			projectRoot = "";
			targets = (
				8F22465F1DEF62D800826DFC /* GLog */,
				8F22467D1DEF673000826DFC /* GLog x32 */,
			);
		};
/* End PBXProject section */

/* Begin PBXSourcesBuildPhase section */
		8F22465C1DEF62D800826DFC /* Sources */ = {
			isa = PBXSourcesBuildPhase;
			buildActionMask = 2147483647;
			files = (
				8F2246791DEF646900826DFC /* GLog.cpp in Sources */,
			);
			runOnlyForDeploymentPostprocessing = 0;
		};
		8F22467A1DEF673000826DFC /* Sources */ = {
			isa = PBXSourcesBuildPhase;
			buildActionMask = 2147483647;
			files = (
				8F2246821DEF69EB00826DFC /* GLog.cpp in Sources */,
			);
			runOnlyForDeploymentPostprocessing = 0;
		};
/* End PBXSourcesBuildPhase section */

/* Begin XCBuildConfiguration section */
		8F2246621DEF62D800826DFC /* Debug */ = {
			isa = XCBuildConfiguration;
			buildSettings = {
				ALWAYS_SEARCH_USER_PATHS = NO;
				CLANG_ANALYZER_NONNULL = YES;
				CLANG_CXX_LANGUAGE_STANDARD = "gnu++0x";
				CLANG_CXX_LIBRARY = "libc++";
				CLANG_ENABLE_MODULES = YES;
				CLANG_ENABLE_OBJC_ARC = YES;
				CLANG_WARN_BOOL_CONVERSION = YES;
				CLANG_WARN_CONSTANT_CONVERSION = YES;
				CLANG_WARN_DIRECT_OBJC_ISA_USAGE = YES_ERROR;
				CLANG_WARN_DOCUMENTATION_COMMENTS = YES;
				CLANG_WARN_EMPTY_BODY = YES;
				CLANG_WARN_ENUM_CONVERSION = YES;
				CLANG_WARN_INFINITE_RECURSION = YES;
				CLANG_WARN_INT_CONVERSION = YES;
				CLANG_WARN_OBJC_ROOT_CLASS = YES_ERROR;
				CLANG_WARN_SUSPICIOUS_MOVES = YES;
				CLANG_WARN_UNREACHABLE_CODE = YES;
				CLANG_WARN__DUPLICATE_METHOD_MATCH = YES;
				CODE_SIGN_IDENTITY = "-";
				COPY_PHASE_STRIP = NO;
				DEBUG_INFORMATION_FORMAT = dwarf;
				ENABLE_STRICT_OBJC_MSGSEND = YES;
				ENABLE_TESTABILITY = YES;
				GCC_C_LANGUAGE_STANDARD = gnu99;
				GCC_DYNAMIC_NO_PIC = NO;
				GCC_NO_COMMON_BLOCKS = YES;
				GCC_OPTIMIZATION_LEVEL = 0;
				GCC_PREPROCESSOR_DEFINITIONS = (
					"DEBUG=1",
					"$(inherited)",
				);
				GCC_WARN_64_TO_32_BIT_CONVERSION = YES;
				GCC_WARN_ABOUT_RETURN_TYPE = YES_ERROR;
				GCC_WARN_UNDECLARED_SELECTOR = YES;
				GCC_WARN_UNINITIALIZED_AUTOS = YES_AGGRESSIVE;
				GCC_WARN_UNUSED_FUNCTION = YES;
				GCC_WARN_UNUSED_VARIABLE = YES;
				MACOSX_DEPLOYMENT_TARGET = 10.12;
				MTL_ENABLE_DEBUG_INFO = YES;
				ONLY_ACTIVE_ARCH = YES;
				SDKROOT = macosx;
			};
			name = Debug;
		};
		8F2246631DEF62D800826DFC /* Release */ = {
			isa = XCBuildConfiguration;
			buildSettings = {
				ALWAYS_SEARCH_USER_PATHS = NO;
				CLANG_ANALYZER_NONNULL = YES;
				CLANG_CXX_LANGUAGE_STANDARD = "gnu++0x";
				CLANG_CXX_LIBRARY = "libc++";
				CLANG_ENABLE_MODULES = YES;
				CLANG_ENABLE_OBJC_ARC = YES;
				CLANG_WARN_BOOL_CONVERSION = YES;
				CLANG_WARN_CONSTANT_CONVERSION = YES;
				CLANG_WARN_DIRECT_OBJC_ISA_USAGE = YES_ERROR;
				CLANG_WARN_DOCUMENTATION_COMMENTS = YES;
				CLANG_WARN_EMPTY_BODY = YES;
				CLANG_WARN_ENUM_CONVERSION = YES;
				CLANG_WARN_INFINITE_RECURSION = YES;
				CLANG_WARN_INT_CONVERSION = YES;
				CLANG_WARN_OBJC_ROOT_CLASS = YES_ERROR;
				CLANG_WARN_SUSPICIOUS_MOVES = YES;
				CLANG_WARN_UNREACHABLE_CODE = YES;
				CLANG_WARN__DUPLICATE_METHOD_MATCH = YES;
				CODE_SIGN_IDENTITY = "-";
				COPY_PHASE_STRIP = NO;
				DEBUG_INFORMATION_FORMAT = "dwarf-with-dsym";
				ENABLE_NS_ASSERTIONS = NO;
				ENABLE_STRICT_OBJC_MSGSEND = YES;
				GCC_C_LANGUAGE_STANDARD = gnu99;
				GCC_NO_COMMON_BLOCKS = YES;
				GCC_WARN_64_TO_32_BIT_CONVERSION = YES;
				GCC_WARN_ABOUT_RETURN_TYPE = YES_ERROR;
				GCC_WARN_UNDECLARED_SELECTOR = YES;
				GCC_WARN_UNINITIALIZED_AUTOS = YES_AGGRESSIVE;
				GCC_WARN_UNUSED_FUNCTION = YES;
				GCC_WARN_UNUSED_VARIABLE = YES;
				MACOSX_DEPLOYMENT_TARGET = 10.12;
				MTL_ENABLE_DEBUG_INFO = NO;
				SDKROOT = macosx;
			};
			name = Release;
		};
		8F2246651DEF62D800826DFC /* Debug */ = {
			isa = XCBuildConfiguration;
			buildSettings = {
				ARCHS = "$(ARCHS_STANDARD_64_BIT)";
				CONFIGURATION_BUILD_DIR = "$(BUILD_DIR)/amd64/$(CONFIGURATION)";
				EXECUTABLE_PREFIX = "";
				ONLY_ACTIVE_ARCH = NO;
				PRODUCT_NAME = "$(TARGET_NAME)";
				VALID_ARCHS = x86_64;
			};
			name = Debug;
		};
		8F2246661DEF62D800826DFC /* Release */ = {
			isa = XCBuildConfiguration;
			buildSettings = {
				ARCHS = "$(ARCHS_STANDARD_64_BIT)";
				CONFIGURATION_BUILD_DIR = "$(BUILD_DIR)/amd64/$(CONFIGURATION)";
				EXECUTABLE_PREFIX = "";
				PRODUCT_NAME = "$(TARGET_NAME)";
				VALID_ARCHS = x86_64;
			};
			name = Release;
		};
		8F2246801DEF673000826DFC /* Debug */ = {
			isa = XCBuildConfiguration;
			buildSettings = {
				ARCHS = "$(ARCHS_STANDARD_32_BIT)";
				CONFIGURATION_BUILD_DIR = "$(BUILD_DIR)/i386/$(CONFIGURATION)";
				EXECUTABLE_PREFIX = "";
				ONLY_ACTIVE_ARCH = NO;
				PRODUCT_NAME = GLog;
				VALID_ARCHS = i386;
			};
			name = Debug;
		};
		8F2246811DEF673000826DFC /* Release */ = {
			isa = XCBuildConfiguration;
			buildSettings = {
				ARCHS = "$(ARCHS_STANDARD_32_BIT)";
				CONFIGURATION_BUILD_DIR = "$(BUILD_DIR)/i386/$(CONFIGURATION)";
				EXECUTABLE_PREFIX = "";
				PRODUCT_NAME = GLog;
				VALID_ARCHS = i386;
			};
			name = Release;
		};
/* End XCBuildConfiguration section */

/* Begin XCConfigurationList section */
		8F22465B1DEF62D700826DFC /* Build configuration list for PBXProject "GLog" */ = {
			isa = XCConfigurationList;
			buildConfigurations = (
				8F2246621DEF62D800826DFC /* Debug */,
				8F2246631DEF62D800826DFC /* Release */,
			);
			defaultConfigurationIsVisible = 0;
			defaultConfigurationName = Release;
		};
		8F2246641DEF62D800826DFC /* Build configuration list for PBXNativeTarget "GLog" */ = {
			isa = XCConfigurationList;
			buildConfigurations = (
				8F2246651DEF62D800826DFC /* Debug */,
				8F2246661DEF62D800826DFC /* Release */,
			);
			defaultConfigurationIsVisible = 0;
		};
		8F22467F1DEF673000826DFC /* Build configuration list for PBXNativeTarget "GLog x32" */ = {
			isa = XCConfigurationList;
			buildConfigurations = (
				8F2246801DEF673000826DFC /* Debug */,
				8F2246811DEF673000826DFC /* Release */,
			);
			defaultConfigurationIsVisible = 0;
		};
/* End XCConfigurationList section */
	};
	rootObject = 8F2246581DEF62D700826DFC /* Project object */;
}
