// !$*UTF8*$!
{
	archiveVersion = 1;
	classes = {
	};
	objectVersion = 46;
	objects = {

/* Begin PBXContainerItemProxy section */
		8FFC24A61E01C2A600C39FD6 /* PBXContainerItemProxy */ = {
			isa = PBXContainerItemProxy;
			containerPortal = 8FFC24A21E01C2A500C39FD6 /* GBufferedInput.xcodeproj */;
			proxyType = 2;
			remoteGlobalIDString = 8FFC249B1E01C2A500C39FD6;
			remoteInfo = GBufferedInput;
		};
/* End PBXContainerItemProxy section */

/* Begin PBXFileReference section */
		8FFC24A21E01C2A500C39FD6 /* GBufferedInput.xcodeproj */ = {isa = PBXFileReference; lastKnownFileType = "wrapper.pb-project"; name = GBufferedInput.xcodeproj; path = GBufferedInput/GBufferedInput.xcodeproj; sourceTree = "<group>"; };
/* End PBXFileReference section */

/* Begin PBXGroup section */
		8F299A5B1DEF463200CAE02E = {
			isa = PBXGroup;
			children = (
				8FFC24A21E01C2A500C39FD6 /* GBufferedInput.xcodeproj */,
			);
			sourceTree = "<group>";
		};
		8FFC24A31E01C2A500C39FD6 /* Products */ = {
			isa = PBXGroup;
			children = (
				8FFC24A71E01C2A600C39FD6 /* GBufferedInput.a */,
			);
			name = Products;
			sourceTree = "<group>";
		};
/* End PBXGroup section */

/* Begin PBXProject section */
		8F299A5C1DEF463200CAE02E /* Project object */ = {
			isa = PBXProject;
			attributes = {
				LastUpgradeCheck = 0810;
			};
			buildConfigurationList = 8F299A5F1DEF463200CAE02E /* Build configuration list for PBXProject "Gateware Libraries" */;
			compatibilityVersion = "Xcode 3.2";
			developmentRegion = English;
			hasScannedForEncodings = 0;
			knownRegions = (
				en,
			);
			mainGroup = 8F299A5B1DEF463200CAE02E;
			productRefGroup = 8F299A5B1DEF463200CAE02E;
			projectDirPath = "";
			projectReferences = (
				{
					ProductGroup = 8FFC24A31E01C2A500C39FD6 /* Products */;
					ProjectRef = 8FFC24A21E01C2A500C39FD6 /* GBufferedInput.xcodeproj */;
				},
			);
			projectRoot = "";
			targets = (
			);
		};
/* End PBXProject section */

/* Begin PBXReferenceProxy section */
		8FFC24A71E01C2A600C39FD6 /* GBufferedInput.a */ = {
			isa = PBXReferenceProxy;
			fileType = archive.ar;
			path = GBufferedInput.a;
			remoteRef = 8FFC24A61E01C2A600C39FD6 /* PBXContainerItemProxy */;
			sourceTree = BUILT_PRODUCTS_DIR;
		};
/* End PBXReferenceProxy section */

/* Begin XCBuildConfiguration section */
		8F299A601DEF463200CAE02E /* Debug */ = {
			isa = XCBuildConfiguration;
			buildSettings = {
			};
			name = Debug;
		};
		8F299A611DEF463200CAE02E /* Release */ = {
			isa = XCBuildConfiguration;
			buildSettings = {
			};
			name = Release;
		};
/* End XCBuildConfiguration section */

/* Begin XCConfigurationList section */
		8F299A5F1DEF463200CAE02E /* Build configuration list for PBXProject "Gateware Libraries" */ = {
			isa = XCConfigurationList;
			buildConfigurations = (
				8F299A601DEF463200CAE02E /* Debug */,
				8F299A611DEF463200CAE02E /* Release */,
			);
			defaultConfigurationIsVisible = 0;
			defaultConfigurationName = Release;
		};
/* End XCConfigurationList section */
	};
	rootObject = 8F299A5C1DEF463200CAE02E /* Project object */;
}
