// !$*UTF8*$!
{
	archiveVersion = 1;
	classes = {
	};
	objectVersion = 46;
	objects = {

/* Begin PBXBuildFile section */
		35EE81151E033D3A009FBC24 /* Cocoa.framework in Frameworks */ = {isa = PBXBuildFile; fileRef = 35EE81141E033D3A009FBC24 /* Cocoa.framework */; };
		35EE81211E0425F6009FBC24 /* Cocoa.framework in Frameworks */ = {isa = PBXBuildFile; fileRef = 35EE81141E033D3A009FBC24 /* Cocoa.framework */; };
		35EE812D1E042666009FBC24 /* Cocoa.framework in Frameworks */ = {isa = PBXBuildFile; fileRef = 35EE81141E033D3A009FBC24 /* Cocoa.framework */; };
		35EE81381E042692009FBC24 /* Cocoa.framework in Frameworks */ = {isa = PBXBuildFile; fileRef = 35EE81141E033D3A009FBC24 /* Cocoa.framework */; };
		8F841D1D1ECCF32B00365E91 /* GInput.a in Frameworks */ = {isa = PBXBuildFile; fileRef = 8F841D1B1ECCF30E00365E91 /* GInput.a */; };
		8F841D1F1ECCF35200365E91 /* GBufferedInput.a in Frameworks */ = {isa = PBXBuildFile; fileRef = 8F841D1E1ECCF35200365E91 /* GBufferedInput.a */; };
		8F841D211ECCF36400365E91 /* GFile.a in Frameworks */ = {isa = PBXBuildFile; fileRef = 8F841D201ECCF36400365E91 /* GFile.a */; };
		8F841D231ECCF37F00365E91 /* GLog.a in Frameworks */ = {isa = PBXBuildFile; fileRef = 8F841D221ECCF37F00365E91 /* GLog.a */; };
		8F841D281ECCF3CE00365E91 /* GBufferedInput.a in Frameworks */ = {isa = PBXBuildFile; fileRef = 8F841D241ECCF3CE00365E91 /* GBufferedInput.a */; };
		8F841D291ECCF3CE00365E91 /* GFile.a in Frameworks */ = {isa = PBXBuildFile; fileRef = 8F841D251ECCF3CE00365E91 /* GFile.a */; };
		8F841D2A1ECCF3CE00365E91 /* GInput.a in Frameworks */ = {isa = PBXBuildFile; fileRef = 8F841D261ECCF3CE00365E91 /* GInput.a */; };
		8F841D2B1ECCF3CE00365E91 /* GLog.a in Frameworks */ = {isa = PBXBuildFile; fileRef = 8F841D271ECCF3CE00365E91 /* GLog.a */; };
		8F841D301ECCF42100365E91 /* GBufferedInput.a in Frameworks */ = {isa = PBXBuildFile; fileRef = 8F841D2C1ECCF42100365E91 /* GBufferedInput.a */; };
		8F841D311ECCF42100365E91 /* GFile.a in Frameworks */ = {isa = PBXBuildFile; fileRef = 8F841D2D1ECCF42100365E91 /* GFile.a */; };
		8F841D321ECCF42100365E91 /* GInput.a in Frameworks */ = {isa = PBXBuildFile; fileRef = 8F841D2E1ECCF42100365E91 /* GInput.a */; };
		8F841D331ECCF42100365E91 /* GLog.a in Frameworks */ = {isa = PBXBuildFile; fileRef = 8F841D2F1ECCF42100365E91 /* GLog.a */; };
		8FC2A6C71EF8644B0078D909 /* GWindow .a in Frameworks */ = {isa = PBXBuildFile; fileRef = 8FC2A6C61EF8644B0078D909 /* GWindow .a */; };
		8FC2A6C91EF865260078D909 /* GWindow .a in Frameworks */ = {isa = PBXBuildFile; fileRef = 8FC2A6C81EF865260078D909 /* GWindow .a */; };
		8FC2A6D81EF866F80078D909 /* GWindow i386.a in Frameworks */ = {isa = PBXBuildFile; fileRef = 8FC2A6D71EF866F80078D909 /* GWindow i386.a */; };
		8FC2A6D91EF8670D0078D909 /* GWindow i386.a in Frameworks */ = {isa = PBXBuildFile; fileRef = 8FC2A6D71EF866F80078D909 /* GWindow i386.a */; };
		8FCCDBB91EF84B930082B736 /* GBufferedInput.a in Frameworks */ = {isa = PBXBuildFile; fileRef = 8FCCDBB81EF84B930082B736 /* GBufferedInput.a */; };
		8FCCDBBB1EF84B990082B736 /* GLog.a in Frameworks */ = {isa = PBXBuildFile; fileRef = 8FCCDBBA1EF84B990082B736 /* GLog.a */; };
		8FCCDBBD1EF84B9E0082B736 /* GInput.a in Frameworks */ = {isa = PBXBuildFile; fileRef = 8FCCDBBC1EF84B9E0082B736 /* GInput.a */; };
		8FCCDBBF1EF84BA20082B736 /* GFile.a in Frameworks */ = {isa = PBXBuildFile; fileRef = 8FCCDBBE1EF84BA20082B736 /* GFile.a */; };
		8FE15CE91E3676F7005A798C /* GTests.mm in Sources */ = {isa = PBXBuildFile; fileRef = 8FE15CE81E3676F7005A798C /* GTests.mm */; };
		8FE15CEA1E36771E005A798C /* GTests.mm in Sources */ = {isa = PBXBuildFile; fileRef = 8FE15CE81E3676F7005A798C /* GTests.mm */; };
		8FE15CEB1E367724005A798C /* GTests.mm in Sources */ = {isa = PBXBuildFile; fileRef = 8FE15CE81E3676F7005A798C /* GTests.mm */; };
		8FE15CEC1E367729005A798C /* GTests.mm in Sources */ = {isa = PBXBuildFile; fileRef = 8FE15CE81E3676F7005A798C /* GTests.mm */; };
/* End PBXBuildFile section */

/* Begin PBXCopyFilesBuildPhase section */
		35EE80F91E033A0C009FBC24 /* CopyFiles */ = {
			isa = PBXCopyFilesBuildPhase;
			buildActionMask = 2147483647;
			dstPath = /usr/share/man/man1/;
			dstSubfolderSpec = 0;
			files = (
			);
			runOnlyForDeploymentPostprocessing = 1;
		};
		35EE81221E0425F6009FBC24 /* CopyFiles */ = {
			isa = PBXCopyFilesBuildPhase;
			buildActionMask = 2147483647;
			dstPath = /usr/share/man/man1/;
			dstSubfolderSpec = 0;
			files = (
			);
			runOnlyForDeploymentPostprocessing = 1;
		};
		35EE812E1E042666009FBC24 /* CopyFiles */ = {
			isa = PBXCopyFilesBuildPhase;
			buildActionMask = 2147483647;
			dstPath = /usr/share/man/man1/;
			dstSubfolderSpec = 0;
			files = (
			);
			runOnlyForDeploymentPostprocessing = 1;
		};
		35EE81391E042692009FBC24 /* CopyFiles */ = {
			isa = PBXCopyFilesBuildPhase;
			buildActionMask = 2147483647;
			dstPath = /usr/share/man/man1;
			dstSubfolderSpec = 0;
			files = (
			);
			runOnlyForDeploymentPostprocessing = 1;
		};
/* End PBXCopyFilesBuildPhase section */

/* Begin PBXFileReference section */
		35EE80FB1E033A0C009FBC24 /* Debug i386 */ = {isa = PBXFileReference; explicitFileType = "compiled.mach-o.executable"; includeInIndex = 0; path = "Debug i386"; sourceTree = BUILT_PRODUCTS_DIR; };
		35EE81141E033D3A009FBC24 /* Cocoa.framework */ = {isa = PBXFileReference; lastKnownFileType = wrapper.framework; name = Cocoa.framework; path = System/Library/Frameworks/Cocoa.framework; sourceTree = SDKROOT; };
		35EE81161E033D4B009FBC24 /* GBufferedInput.a */ = {isa = PBXFileReference; lastKnownFileType = archive.ar; name = GBufferedInput.a; path = ../../../../gateware.git.0/Libraries/Mac/i386/Debug/GBufferedInput.a; sourceTree = "<group>"; };
		35EE81181E033D64009FBC24 /* GBufferedInput.a */ = {isa = PBXFileReference; lastKnownFileType = archive.ar; name = GBufferedInput.a; path = ../../../../gateware.git.0/Libraries/Mac/amd64/Debug/GBufferedInput.a; sourceTree = "<group>"; };
		35EE81261E0425F6009FBC24 /* Debug amd64 */ = {isa = PBXFileReference; explicitFileType = "compiled.mach-o.executable"; includeInIndex = 0; path = "Debug amd64"; sourceTree = BUILT_PRODUCTS_DIR; };
		35EE81321E042666009FBC24 /* Release i386 */ = {isa = PBXFileReference; explicitFileType = "compiled.mach-o.executable"; includeInIndex = 0; path = "Release i386"; sourceTree = BUILT_PRODUCTS_DIR; };
		35EE813D1E042692009FBC24 /* Release amd64 */ = {isa = PBXFileReference; explicitFileType = "compiled.mach-o.executable"; includeInIndex = 0; path = "Release amd64"; sourceTree = BUILT_PRODUCTS_DIR; };
		8F17D7201E295E6500F1627A /* GInput.a */ = {isa = PBXFileReference; lastKnownFileType = archive.ar; name = GInput.a; path = ../../../../gateware.git.0/Libraries/Mac/i386/Debug/GInput.a; sourceTree = "<group>"; };
		8F313E5B1EF8577600A5E2EE /* GWindow.a */ = {isa = PBXFileReference; lastKnownFileType = archive.ar; name = GWindow.a; path = "../../../../XCode/Gateware Libraries/GWindow/build/i386/Release/GWindow.a"; sourceTree = "<group>"; };
		8F313E5D1EF8577C00A5E2EE /* GWindow.a */ = {isa = PBXFileReference; lastKnownFileType = archive.ar; name = GWindow.a; path = "../../../../XCode/Gateware Libraries/GWindow/build/i386/Release/GWindow.a"; sourceTree = "<group>"; };
		8F313E5F1EF8578400A5E2EE /* GWindow.a */ = {isa = PBXFileReference; lastKnownFileType = archive.ar; name = GWindow.a; path = "../../../../XCode/Gateware Libraries/GWindow/build/i386/Release/GWindow.a"; sourceTree = "<group>"; };
		8F313E611EF8578900A5E2EE /* GWindow.a */ = {isa = PBXFileReference; lastKnownFileType = archive.ar; name = GWindow.a; path = "../../../../XCode/Gateware Libraries/GWindow/build/i386/Release/GWindow.a"; sourceTree = "<group>"; };
		8F313E631EF8587A00A5E2EE /* GWindow .a */ = {isa = PBXFileReference; lastKnownFileType = archive.ar; name = "GWindow .a"; path = "../../../../XCode/Gateware Libraries/GWindow/build/amd64/Release/GWindow .a"; sourceTree = "<group>"; };
		8F313E651EF8587E00A5E2EE /* GWindow .a */ = {isa = PBXFileReference; lastKnownFileType = archive.ar; name = "GWindow .a"; path = "../../../../XCode/Gateware Libraries/GWindow/build/amd64/Release/GWindow .a"; sourceTree = "<group>"; };
		8F313E671EF8588200A5E2EE /* GWindow .a */ = {isa = PBXFileReference; lastKnownFileType = archive.ar; name = "GWindow .a"; path = "../../../../XCode/Gateware Libraries/GWindow/build/amd64/Release/GWindow .a"; sourceTree = "<group>"; };
		8F313E691EF8588700A5E2EE /* GWindow .a */ = {isa = PBXFileReference; lastKnownFileType = archive.ar; name = "GWindow .a"; path = "../../../../XCode/Gateware Libraries/GWindow/build/amd64/Release/GWindow .a"; sourceTree = "<group>"; };
		8F56712D1E96A918004295FC /* GFile.a */ = {isa = PBXFileReference; lastKnownFileType = archive.ar; name = GFile.a; path = ../../../../gateware.git.0/Libraries/Mac/amd64/Debug/GFile.a; sourceTree = "<group>"; };
		8F56712F1E96A92F004295FC /* GInput.a */ = {isa = PBXFileReference; lastKnownFileType = archive.ar; name = GInput.a; path = ../../../../gateware.git.0/Libraries/Mac/amd64/Debug/GInput.a; sourceTree = "<group>"; };
		8F5671311E96A942004295FC /* GLog.a */ = {isa = PBXFileReference; lastKnownFileType = archive.ar; name = GLog.a; path = ../../../../gateware.git.0/Libraries/Mac/amd64/Debug/GLog.a; sourceTree = "<group>"; };
		8F5671351E96AA75004295FC /* GInput.a */ = {isa = PBXFileReference; lastKnownFileType = archive.ar; name = GInput.a; path = ../../../../gateware.git.0/Libraries/Mac/amd64/Release/GInput.a; sourceTree = "<group>"; };
		8F5671371E96AA89004295FC /* GLog.a */ = {isa = PBXFileReference; lastKnownFileType = archive.ar; name = GLog.a; path = ../../../../gateware.git.0/Libraries/Mac/amd64/Release/GLog.a; sourceTree = "<group>"; };
		8F7231CF1E96DB62009D474A /* GInput.a */ = {isa = PBXFileReference; lastKnownFileType = archive.ar; name = GInput.a; path = ../../../../gateware.git.0/Libraries/Mac/i386/Release/GInput.a; sourceTree = "<group>"; };
		8F841D1B1ECCF30E00365E91 /* GInput.a */ = {isa = PBXFileReference; lastKnownFileType = archive.ar; name = GInput.a; path = ../../../../Libraries/Mac/i386/Release/GInput.a; sourceTree = "<group>"; };
		8F841D1E1ECCF35200365E91 /* GBufferedInput.a */ = {isa = PBXFileReference; lastKnownFileType = archive.ar; name = GBufferedInput.a; path = ../../../../Libraries/Mac/i386/Release/GBufferedInput.a; sourceTree = "<group>"; };
		8F841D201ECCF36400365E91 /* GFile.a */ = {isa = PBXFileReference; lastKnownFileType = archive.ar; name = GFile.a; path = ../../../../Libraries/Mac/i386/Release/GFile.a; sourceTree = "<group>"; };
		8F841D221ECCF37F00365E91 /* GLog.a */ = {isa = PBXFileReference; lastKnownFileType = archive.ar; name = GLog.a; path = ../../../../Libraries/Mac/i386/Release/GLog.a; sourceTree = "<group>"; };
		8F841D241ECCF3CE00365E91 /* GBufferedInput.a */ = {isa = PBXFileReference; lastKnownFileType = archive.ar; name = GBufferedInput.a; path = ../../../../Libraries/Mac/i386/Debug/GBufferedInput.a; sourceTree = "<group>"; };
		8F841D251ECCF3CE00365E91 /* GFile.a */ = {isa = PBXFileReference; lastKnownFileType = archive.ar; name = GFile.a; path = ../../../../Libraries/Mac/i386/Debug/GFile.a; sourceTree = "<group>"; };
		8F841D261ECCF3CE00365E91 /* GInput.a */ = {isa = PBXFileReference; lastKnownFileType = archive.ar; name = GInput.a; path = ../../../../Libraries/Mac/i386/Debug/GInput.a; sourceTree = "<group>"; };
		8F841D271ECCF3CE00365E91 /* GLog.a */ = {isa = PBXFileReference; lastKnownFileType = archive.ar; name = GLog.a; path = ../../../../Libraries/Mac/i386/Debug/GLog.a; sourceTree = "<group>"; };
		8F841D2C1ECCF42100365E91 /* GBufferedInput.a */ = {isa = PBXFileReference; lastKnownFileType = archive.ar; name = GBufferedInput.a; path = ../../../../Libraries/Mac/amd64/Release/GBufferedInput.a; sourceTree = "<group>"; };
		8F841D2D1ECCF42100365E91 /* GFile.a */ = {isa = PBXFileReference; lastKnownFileType = archive.ar; name = GFile.a; path = ../../../../Libraries/Mac/amd64/Release/GFile.a; sourceTree = "<group>"; };
		8F841D2E1ECCF42100365E91 /* GInput.a */ = {isa = PBXFileReference; lastKnownFileType = archive.ar; name = GInput.a; path = ../../../../Libraries/Mac/amd64/Release/GInput.a; sourceTree = "<group>"; };
		8F841D2F1ECCF42100365E91 /* GLog.a */ = {isa = PBXFileReference; lastKnownFileType = archive.ar; name = GLog.a; path = ../../../../Libraries/Mac/amd64/Release/GLog.a; sourceTree = "<group>"; };
		8FC2A6C61EF8644B0078D909 /* GWindow .a */ = {isa = PBXFileReference; lastKnownFileType = archive.ar; name = "GWindow .a"; path = "../../../../Libraries/Mac/amd64/Release/GWindow .a"; sourceTree = "<group>"; };
		8FC2A6C81EF865260078D909 /* GWindow .a */ = {isa = PBXFileReference; lastKnownFileType = archive.ar; name = "GWindow .a"; path = "../../../../Libraries/Mac/amd64/Debug/GWindow .a"; sourceTree = "<group>"; };
		8FC2A6D71EF866F80078D909 /* GWindow i386.a */ = {isa = PBXFileReference; lastKnownFileType = archive.ar; name = "GWindow i386.a"; path = "../../../../Libraries/Mac/i386/Debug/GWindow i386.a"; sourceTree = "<group>"; };
		8FC4C91E1E26C68D00066FE6 /* GFile.a */ = {isa = PBXFileReference; lastKnownFileType = archive.ar; name = GFile.a; path = ../../../../gateware.git.0/Libraries/Mac/i386/Debug/GFile.a; sourceTree = "<group>"; };
		8FC4C91F1E26C68D00066FE6 /* GLog.a */ = {isa = PBXFileReference; lastKnownFileType = archive.ar; name = GLog.a; path = ../../../../gateware.git.0/Libraries/Mac/i386/Debug/GLog.a; sourceTree = "<group>"; };
		8FC4C93D1E26C88D00066FE6 /* GBufferedInput.a */ = {isa = PBXFileReference; lastKnownFileType = archive.ar; name = GBufferedInput.a; path = ../../../../gateware.git.0/Libraries/Mac/i386/Release/GBufferedInput.a; sourceTree = "<group>"; };
		8FC4C93E1E26C88D00066FE6 /* GFile.a */ = {isa = PBXFileReference; lastKnownFileType = archive.ar; name = GFile.a; path = ../../../../gateware.git.0/Libraries/Mac/i386/Release/GFile.a; sourceTree = "<group>"; };
		8FC4C93F1E26C88D00066FE6 /* GLog.a */ = {isa = PBXFileReference; lastKnownFileType = archive.ar; name = GLog.a; path = ../../../../gateware.git.0/Libraries/Mac/i386/Release/GLog.a; sourceTree = "<group>"; };
		8FC4C9431E26C89F00066FE6 /* GBufferedInput.a */ = {isa = PBXFileReference; lastKnownFileType = archive.ar; name = GBufferedInput.a; path = ../../../../gateware.git.0/Libraries/Mac/amd64/Release/GBufferedInput.a; sourceTree = "<group>"; };
		8FC4C9441E26C89F00066FE6 /* GFile.a */ = {isa = PBXFileReference; lastKnownFileType = archive.ar; name = GFile.a; path = ../../../../gateware.git.0/Libraries/Mac/amd64/Release/GFile.a; sourceTree = "<group>"; };
		8FCCDBB81EF84B930082B736 /* GBufferedInput.a */ = {isa = PBXFileReference; lastKnownFileType = archive.ar; name = GBufferedInput.a; path = ../../../../Libraries/Mac/amd64/Debug/GBufferedInput.a; sourceTree = "<group>"; };
		8FCCDBBA1EF84B990082B736 /* GLog.a */ = {isa = PBXFileReference; lastKnownFileType = archive.ar; name = GLog.a; path = ../../../../Libraries/Mac/amd64/Debug/GLog.a; sourceTree = "<group>"; };
		8FCCDBBC1EF84B9E0082B736 /* GInput.a */ = {isa = PBXFileReference; lastKnownFileType = archive.ar; name = GInput.a; path = ../../../../Libraries/Mac/amd64/Debug/GInput.a; sourceTree = "<group>"; };
		8FCCDBBE1EF84BA20082B736 /* GFile.a */ = {isa = PBXFileReference; lastKnownFileType = archive.ar; name = GFile.a; path = ../../../../Libraries/Mac/amd64/Debug/GFile.a; sourceTree = "<group>"; };
		8FCCDBC01EF84BA60082B736 /* libGWindow amd64.a */ = {isa = PBXFileReference; lastKnownFileType = archive.ar; name = "libGWindow amd64.a"; path = "../../../../Libraries/Mac/amd64/Debug/libGWindow amd64.a"; sourceTree = "<group>"; };
		8FE15CD71E36767A005A798C /* Source */ = {isa = PBXFileReference; fileEncoding = 4; lastKnownFileType = folder; name = Source; path = ../../../Source; sourceTree = SOURCE_ROOT; };
		8FE15CD81E367694005A798C /* Common.cpp */ = {isa = PBXFileReference; fileEncoding = 4; lastKnownFileType = sourcecode.cpp.cpp; name = Common.cpp; path = ../../../Source/G_System/Common.cpp; sourceTree = SOURCE_ROOT; };
		8FE15CD91E367694005A798C /* Common.h */ = {isa = PBXFileReference; fileEncoding = 4; lastKnownFileType = sourcecode.c.h; name = Common.h; path = ../../../Source/G_System/Common.h; sourceTree = SOURCE_ROOT; };
		8FE15CDA1E367694005A798C /* GBufferedInputTests.cpp */ = {isa = PBXFileReference; fileEncoding = 4; lastKnownFileType = sourcecode.cpp.cpp; name = GBufferedInputTests.cpp; path = ../../../Source/G_System/GBufferedInputTests.cpp; sourceTree = SOURCE_ROOT; };
		8FE15CDB1E367694005A798C /* GFileTest.cpp */ = {isa = PBXFileReference; fileEncoding = 4; lastKnownFileType = sourcecode.cpp.cpp; name = GFileTest.cpp; path = ../../../Source/G_System/GFileTest.cpp; sourceTree = SOURCE_ROOT; };
		8FE15CDC1E367694005A798C /* GInputTests.cpp */ = {isa = PBXFileReference; fileEncoding = 4; lastKnownFileType = sourcecode.cpp.cpp; name = GInputTests.cpp; path = ../../../Source/G_System/GInputTests.cpp; sourceTree = SOURCE_ROOT; };
		8FE15CDD1E367694005A798C /* GLogTest.cpp */ = {isa = PBXFileReference; fileEncoding = 4; lastKnownFileType = sourcecode.cpp.cpp; name = GLogTest.cpp; path = ../../../Source/G_System/GLogTest.cpp; sourceTree = SOURCE_ROOT; };
		8FE15CDE1E367694005A798C /* TestListener.cpp */ = {isa = PBXFileReference; fileEncoding = 4; lastKnownFileType = sourcecode.cpp.cpp; name = TestListener.cpp; path = ../../../Source/G_System/TestListener.cpp; sourceTree = SOURCE_ROOT; };
		8FE15CDF1E367694005A798C /* TestListener.h */ = {isa = PBXFileReference; fileEncoding = 4; lastKnownFileType = sourcecode.c.h; name = TestListener.h; path = ../../../Source/G_System/TestListener.h; sourceTree = SOURCE_ROOT; };
		8FE15CE61E3676A6005A798C /* G_Core */ = {isa = PBXFileReference; fileEncoding = 4; lastKnownFileType = folder; name = G_Core; path = ../../../Source/G_Core; sourceTree = SOURCE_ROOT; };
		8FE15CE81E3676F7005A798C /* GTests.mm */ = {isa = PBXFileReference; fileEncoding = 4; lastKnownFileType = sourcecode.cpp.objcpp; name = GTests.mm; path = ../../../Source/G_System/GTests.mm; sourceTree = SOURCE_ROOT; };
/* End PBXFileReference section */

/* Begin PBXFrameworksBuildPhase section */
		35EE80F81E033A0C009FBC24 /* Frameworks */ = {
			isa = PBXFrameworksBuildPhase;
			buildActionMask = 2147483647;
			files = (
				8FC2A6D91EF8670D0078D909 /* GWindow i386.a in Frameworks */,
				8F841D281ECCF3CE00365E91 /* GBufferedInput.a in Frameworks */,
				8F841D291ECCF3CE00365E91 /* GFile.a in Frameworks */,
				8F841D2A1ECCF3CE00365E91 /* GInput.a in Frameworks */,
				8F841D2B1ECCF3CE00365E91 /* GLog.a in Frameworks */,
				35EE81151E033D3A009FBC24 /* Cocoa.framework in Frameworks */,
			);
			runOnlyForDeploymentPostprocessing = 0;
		};
		35EE811F1E0425F6009FBC24 /* Frameworks */ = {
			isa = PBXFrameworksBuildPhase;
			buildActionMask = 2147483647;
			files = (
				8FC2A6C91EF865260078D909 /* GWindow .a in Frameworks */,
				8FCCDBBF1EF84BA20082B736 /* GFile.a in Frameworks */,
				8FCCDBBD1EF84B9E0082B736 /* GInput.a in Frameworks */,
				8FCCDBBB1EF84B990082B736 /* GLog.a in Frameworks */,
				8FCCDBB91EF84B930082B736 /* GBufferedInput.a in Frameworks */,
				35EE81211E0425F6009FBC24 /* Cocoa.framework in Frameworks */,
			);
			runOnlyForDeploymentPostprocessing = 0;
		};
		35EE812B1E042666009FBC24 /* Frameworks */ = {
			isa = PBXFrameworksBuildPhase;
			buildActionMask = 2147483647;
			files = (
				8FC2A6D81EF866F80078D909 /* GWindow i386.a in Frameworks */,
				8F841D231ECCF37F00365E91 /* GLog.a in Frameworks */,
				8F841D211ECCF36400365E91 /* GFile.a in Frameworks */,
				8F841D1F1ECCF35200365E91 /* GBufferedInput.a in Frameworks */,
				8F841D1D1ECCF32B00365E91 /* GInput.a in Frameworks */,
				35EE812D1E042666009FBC24 /* Cocoa.framework in Frameworks */,
			);
			runOnlyForDeploymentPostprocessing = 0;
		};
		35EE81361E042692009FBC24 /* Frameworks */ = {
			isa = PBXFrameworksBuildPhase;
			buildActionMask = 2147483647;
			files = (
				8FC2A6C71EF8644B0078D909 /* GWindow .a in Frameworks */,
				8F841D301ECCF42100365E91 /* GBufferedInput.a in Frameworks */,
				8F841D311ECCF42100365E91 /* GFile.a in Frameworks */,
				8F841D321ECCF42100365E91 /* GInput.a in Frameworks */,
				8F841D331ECCF42100365E91 /* GLog.a in Frameworks */,
				35EE81381E042692009FBC24 /* Cocoa.framework in Frameworks */,
			);
			runOnlyForDeploymentPostprocessing = 0;
		};
/* End PBXFrameworksBuildPhase section */

/* Begin PBXGroup section */
		35EE80F21E033A0C009FBC24 = {
			isa = PBXGroup;
			children = (
				35EE80FD1E033A0C009FBC24 /* GTests */,
				35EE80FC1E033A0C009FBC24 /* Products */,
				35EE81131E033D3A009FBC24 /* Frameworks */,
			);
			sourceTree = "<group>";
		};
		35EE80FC1E033A0C009FBC24 /* Products */ = {
			isa = PBXGroup;
			children = (
				35EE80FB1E033A0C009FBC24 /* Debug i386 */,
				35EE81261E0425F6009FBC24 /* Debug amd64 */,
				35EE81321E042666009FBC24 /* Release i386 */,
				35EE813D1E042692009FBC24 /* Release amd64 */,
			);
			name = Products;
			sourceTree = "<group>";
		};
		35EE80FD1E033A0C009FBC24 /* GTests */ = {
			isa = PBXGroup;
			children = (
				8FE15CE81E3676F7005A798C /* GTests.mm */,
				8FE15CE61E3676A6005A798C /* G_Core */,
				8FE15CD81E367694005A798C /* Common.cpp */,
				8FE15CD91E367694005A798C /* Common.h */,
				8FE15CDA1E367694005A798C /* GBufferedInputTests.cpp */,
				8FE15CDB1E367694005A798C /* GFileTest.cpp */,
				8FE15CDC1E367694005A798C /* GInputTests.cpp */,
				8FE15CDD1E367694005A798C /* GLogTest.cpp */,
				8FE15CDE1E367694005A798C /* TestListener.cpp */,
				8FE15CDF1E367694005A798C /* TestListener.h */,
				8FE15CD71E36767A005A798C /* Source */,
			);
			name = GTests;
			path = GBufferedInput;
			sourceTree = "<group>";
		};
		35EE81131E033D3A009FBC24 /* Frameworks */ = {
			isa = PBXGroup;
			children = (
				8FC2A6D71EF866F80078D909 /* GWindow i386.a */,
				8FC2A6C81EF865260078D909 /* GWindow .a */,
				8FC2A6C61EF8644B0078D909 /* GWindow .a */,
				8F313E691EF8588700A5E2EE /* GWindow .a */,
				8F313E671EF8588200A5E2EE /* GWindow .a */,
				8F313E651EF8587E00A5E2EE /* GWindow .a */,
				8F313E631EF8587A00A5E2EE /* GWindow .a */,
				8F313E611EF8578900A5E2EE /* GWindow.a */,
				8F313E5F1EF8578400A5E2EE /* GWindow.a */,
				8F313E5D1EF8577C00A5E2EE /* GWindow.a */,
				8F313E5B1EF8577600A5E2EE /* GWindow.a */,
				8FCCDBC01EF84BA60082B736 /* libGWindow amd64.a */,
				8FCCDBBE1EF84BA20082B736 /* GFile.a */,
				8FCCDBBC1EF84B9E0082B736 /* GInput.a */,
				8FCCDBBA1EF84B990082B736 /* GLog.a */,
				8FCCDBB81EF84B930082B736 /* GBufferedInput.a */,
				8F841D2C1ECCF42100365E91 /* GBufferedInput.a */,
				8F841D2D1ECCF42100365E91 /* GFile.a */,
				8F841D2E1ECCF42100365E91 /* GInput.a */,
				8F841D2F1ECCF42100365E91 /* GLog.a */,
				8F841D241ECCF3CE00365E91 /* GBufferedInput.a */,
				8F841D251ECCF3CE00365E91 /* GFile.a */,
				8F841D261ECCF3CE00365E91 /* GInput.a */,
				8F841D271ECCF3CE00365E91 /* GLog.a */,
				8F841D221ECCF37F00365E91 /* GLog.a */,
				8F841D201ECCF36400365E91 /* GFile.a */,
				8F841D1E1ECCF35200365E91 /* GBufferedInput.a */,
				8F841D1B1ECCF30E00365E91 /* GInput.a */,
				8F7231CF1E96DB62009D474A /* GInput.a */,
				8F5671371E96AA89004295FC /* GLog.a */,
				8F5671351E96AA75004295FC /* GInput.a */,
				8F5671311E96A942004295FC /* GLog.a */,
				8F56712F1E96A92F004295FC /* GInput.a */,
				8F56712D1E96A918004295FC /* GFile.a */,
				8F17D7201E295E6500F1627A /* GInput.a */,
				8FC4C9431E26C89F00066FE6 /* GBufferedInput.a */,
				8FC4C9441E26C89F00066FE6 /* GFile.a */,
				8FC4C93D1E26C88D00066FE6 /* GBufferedInput.a */,
				8FC4C93E1E26C88D00066FE6 /* GFile.a */,
				8FC4C93F1E26C88D00066FE6 /* GLog.a */,
				8FC4C91E1E26C68D00066FE6 /* GFile.a */,
				8FC4C91F1E26C68D00066FE6 /* GLog.a */,
				35EE81181E033D64009FBC24 /* GBufferedInput.a */,
				35EE81161E033D4B009FBC24 /* GBufferedInput.a */,
				35EE81141E033D3A009FBC24 /* Cocoa.framework */,
			);
			name = Frameworks;
			sourceTree = "<group>";
		};
/* End PBXGroup section */

/* Begin PBXNativeTarget section */
		35EE80FA1E033A0C009FBC24 /* Debug i386 */ = {
			isa = PBXNativeTarget;
			buildConfigurationList = 35EE81021E033A0C009FBC24 /* Build configuration list for PBXNativeTarget "Debug i386" */;
			buildPhases = (
				35EE80F71E033A0C009FBC24 /* Sources */,
				35EE80F81E033A0C009FBC24 /* Frameworks */,
				35EE80F91E033A0C009FBC24 /* CopyFiles */,
			);
			buildRules = (
			);
			dependencies = (
			);
			name = "Debug i386";
			productName = GBufferedInput;
			productReference = 35EE80FB1E033A0C009FBC24 /* Debug i386 */;
			productType = "com.apple.product-type.tool";
		};
		35EE811C1E0425F6009FBC24 /* Debug amd64 */ = {
			isa = PBXNativeTarget;
			buildConfigurationList = 35EE81231E0425F6009FBC24 /* Build configuration list for PBXNativeTarget "Debug amd64" */;
			buildPhases = (
				35EE811D1E0425F6009FBC24 /* Sources */,
				35EE811F1E0425F6009FBC24 /* Frameworks */,
				35EE81221E0425F6009FBC24 /* CopyFiles */,
			);
			buildRules = (
			);
			dependencies = (
			);
			name = "Debug amd64";
			productName = GBufferedInput;
			productReference = 35EE81261E0425F6009FBC24 /* Debug amd64 */;
			productType = "com.apple.product-type.tool";
		};
		35EE81281E042666009FBC24 /* Release i386 */ = {
			isa = PBXNativeTarget;
			buildConfigurationList = 35EE812F1E042666009FBC24 /* Build configuration list for PBXNativeTarget "Release i386" */;
			buildPhases = (
				35EE81291E042666009FBC24 /* Sources */,
				35EE812B1E042666009FBC24 /* Frameworks */,
				35EE812E1E042666009FBC24 /* CopyFiles */,
			);
			buildRules = (
			);
			dependencies = (
			);
			name = "Release i386";
			productName = GBufferedInput;
			productReference = 35EE81321E042666009FBC24 /* Release i386 */;
			productType = "com.apple.product-type.tool";
		};
		35EE81331E042692009FBC24 /* Release amd64 */ = {
			isa = PBXNativeTarget;
			buildConfigurationList = 35EE813A1E042692009FBC24 /* Build configuration list for PBXNativeTarget "Release amd64" */;
			buildPhases = (
				35EE81341E042692009FBC24 /* Sources */,
				35EE81361E042692009FBC24 /* Frameworks */,
				35EE81391E042692009FBC24 /* CopyFiles */,
			);
			buildRules = (
			);
			dependencies = (
			);
			name = "Release amd64";
			productName = GBufferedInput;
			productReference = 35EE813D1E042692009FBC24 /* Release amd64 */;
			productType = "com.apple.product-type.tool";
		};
/* End PBXNativeTarget section */

/* Begin PBXProject section */
		35EE80F31E033A0C009FBC24 /* Project object */ = {
			isa = PBXProject;
			attributes = {
				LastUpgradeCheck = 0810;
				ORGANIZATIONNAME = "Full Sail";
				TargetAttributes = {
					35EE80FA1E033A0C009FBC24 = {
						CreatedOnToolsVersion = 8.1;
						ProvisioningStyle = Automatic;
					};
				};
			};
			buildConfigurationList = 35EE80F61E033A0C009FBC24 /* Build configuration list for PBXProject "GTests" */;
			compatibilityVersion = "Xcode 3.2";
			developmentRegion = English;
			hasScannedForEncodings = 0;
			knownRegions = (
				en,
			);
			mainGroup = 35EE80F21E033A0C009FBC24;
			productRefGroup = 35EE80FC1E033A0C009FBC24 /* Products */;
			projectDirPath = "";
			projectRoot = "";
			targets = (
				35EE80FA1E033A0C009FBC24 /* Debug i386 */,
				35EE81281E042666009FBC24 /* Release i386 */,
				35EE811C1E0425F6009FBC24 /* Debug amd64 */,
				35EE81331E042692009FBC24 /* Release amd64 */,
			);
		};
/* End PBXProject section */

/* Begin PBXSourcesBuildPhase section */
		35EE80F71E033A0C009FBC24 /* Sources */ = {
			isa = PBXSourcesBuildPhase;
			buildActionMask = 2147483647;
			files = (
				8FE15CE91E3676F7005A798C /* GTests.mm in Sources */,
			);
			runOnlyForDeploymentPostprocessing = 0;
		};
		35EE811D1E0425F6009FBC24 /* Sources */ = {
			isa = PBXSourcesBuildPhase;
			buildActionMask = 2147483647;
			files = (
				8FE15CEA1E36771E005A798C /* GTests.mm in Sources */,
			);
			runOnlyForDeploymentPostprocessing = 0;
		};
		35EE81291E042666009FBC24 /* Sources */ = {
			isa = PBXSourcesBuildPhase;
			buildActionMask = 2147483647;
			files = (
				8FE15CEB1E367724005A798C /* GTests.mm in Sources */,
			);
			runOnlyForDeploymentPostprocessing = 0;
		};
		35EE81341E042692009FBC24 /* Sources */ = {
			isa = PBXSourcesBuildPhase;
			buildActionMask = 2147483647;
			files = (
				8FE15CEC1E367729005A798C /* GTests.mm in Sources */,
			);
			runOnlyForDeploymentPostprocessing = 0;
		};
/* End PBXSourcesBuildPhase section */

/* Begin XCBuildConfiguration section */
		35EE81001E033A0C009FBC24 /* Debug */ = {
			isa = XCBuildConfiguration;
			buildSettings = {
				ALWAYS_SEARCH_USER_PATHS = NO;
				CLANG_ANALYZER_NONNULL = YES;
				CLANG_CXX_LANGUAGE_STANDARD = "gnu++0x";
				CLANG_CXX_LIBRARY = "libc++";
				CLANG_ENABLE_MODULES = YES;
				CLANG_ENABLE_OBJC_ARC = YES;
				CLANG_WARN_BOOL_CONVERSION = YES;
				CLANG_WARN_CONSTANT_CONVERSION = YES;
				CLANG_WARN_DIRECT_OBJC_ISA_USAGE = YES_ERROR;
				CLANG_WARN_DOCUMENTATION_COMMENTS = YES;
				CLANG_WARN_EMPTY_BODY = YES;
				CLANG_WARN_ENUM_CONVERSION = YES;
				CLANG_WARN_INFINITE_RECURSION = YES;
				CLANG_WARN_INT_CONVERSION = YES;
				CLANG_WARN_OBJC_ROOT_CLASS = YES_ERROR;
				CLANG_WARN_SUSPICIOUS_MOVES = YES;
				CLANG_WARN_UNREACHABLE_CODE = YES;
				CLANG_WARN__DUPLICATE_METHOD_MATCH = YES;
				CODE_SIGN_IDENTITY = "-";
				COPY_PHASE_STRIP = NO;
				DEBUG_INFORMATION_FORMAT = dwarf;
				ENABLE_STRICT_OBJC_MSGSEND = YES;
				ENABLE_TESTABILITY = YES;
				GCC_C_LANGUAGE_STANDARD = gnu99;
				GCC_DYNAMIC_NO_PIC = NO;
				GCC_NO_COMMON_BLOCKS = YES;
				GCC_OPTIMIZATION_LEVEL = 0;
				GCC_PREPROCESSOR_DEFINITIONS = (
					"DEBUG=1",
					"$(inherited)",
				);
				GCC_WARN_64_TO_32_BIT_CONVERSION = YES;
				GCC_WARN_ABOUT_RETURN_TYPE = YES_ERROR;
				GCC_WARN_UNDECLARED_SELECTOR = YES;
				GCC_WARN_UNINITIALIZED_AUTOS = YES_AGGRESSIVE;
				GCC_WARN_UNUSED_FUNCTION = YES;
				GCC_WARN_UNUSED_VARIABLE = YES;
				MACOSX_DEPLOYMENT_TARGET = 10.12;
				MTL_ENABLE_DEBUG_INFO = YES;
				ONLY_ACTIVE_ARCH = YES;
				SDKROOT = macosx;
			};
			name = Debug;
		};
		35EE81011E033A0C009FBC24 /* Release */ = {
			isa = XCBuildConfiguration;
			buildSettings = {
				ALWAYS_SEARCH_USER_PATHS = NO;
				CLANG_ANALYZER_NONNULL = YES;
				CLANG_CXX_LANGUAGE_STANDARD = "gnu++0x";
				CLANG_CXX_LIBRARY = "libc++";
				CLANG_ENABLE_MODULES = YES;
				CLANG_ENABLE_OBJC_ARC = YES;
				CLANG_WARN_BOOL_CONVERSION = YES;
				CLANG_WARN_CONSTANT_CONVERSION = YES;
				CLANG_WARN_DIRECT_OBJC_ISA_USAGE = YES_ERROR;
				CLANG_WARN_DOCUMENTATION_COMMENTS = YES;
				CLANG_WARN_EMPTY_BODY = YES;
				CLANG_WARN_ENUM_CONVERSION = YES;
				CLANG_WARN_INFINITE_RECURSION = YES;
				CLANG_WARN_INT_CONVERSION = YES;
				CLANG_WARN_OBJC_ROOT_CLASS = YES_ERROR;
				CLANG_WARN_SUSPICIOUS_MOVES = YES;
				CLANG_WARN_UNREACHABLE_CODE = YES;
				CLANG_WARN__DUPLICATE_METHOD_MATCH = YES;
				CODE_SIGN_IDENTITY = "-";
				COPY_PHASE_STRIP = NO;
				DEBUG_INFORMATION_FORMAT = "dwarf-with-dsym";
				ENABLE_NS_ASSERTIONS = NO;
				ENABLE_STRICT_OBJC_MSGSEND = YES;
				GCC_C_LANGUAGE_STANDARD = gnu99;
				GCC_NO_COMMON_BLOCKS = YES;
				GCC_WARN_64_TO_32_BIT_CONVERSION = YES;
				GCC_WARN_ABOUT_RETURN_TYPE = YES_ERROR;
				GCC_WARN_UNDECLARED_SELECTOR = YES;
				GCC_WARN_UNINITIALIZED_AUTOS = YES_AGGRESSIVE;
				GCC_WARN_UNUSED_FUNCTION = YES;
				GCC_WARN_UNUSED_VARIABLE = YES;
				MACOSX_DEPLOYMENT_TARGET = 10.12;
				MTL_ENABLE_DEBUG_INFO = NO;
				SDKROOT = macosx;
			};
			name = Release;
		};
		35EE81031E033A0C009FBC24 /* Debug */ = {
			isa = XCBuildConfiguration;
			buildSettings = {
				ARCHS = "$(ARCHS_STANDARD_32_BIT)";
				CLANG_ENABLE_OBJC_ARC = NO;
				DSTROOT = "/tmp/$(PROJECT_NAME).dst";
				HEADER_SEARCH_PATHS = ../../../../Interface;
				ONLY_ACTIVE_ARCH = NO;
				PRODUCT_NAME = "$(TARGET_NAME)";
				SYMROOT = "gateware-test-suite.git.0/Build";
				VALID_ARCHS = i386;
			};
			name = Debug;
		};
		35EE81041E033A0C009FBC24 /* Release */ = {
			isa = XCBuildConfiguration;
			buildSettings = {
				ARCHS = "$(ARCHS_STANDARD_32_BIT)";
				CLANG_ENABLE_OBJC_ARC = NO;
				DSTROOT = "/tmp/$(PROJECT_NAME).dst";
				HEADER_SEARCH_PATHS = ../../../../Interface;
				PRODUCT_NAME = "$(TARGET_NAME)";
				SYMROOT = "gateware-test-suite.git.0/Build";
				VALID_ARCHS = i386;
			};
			name = Release;
		};
		35EE81241E0425F6009FBC24 /* Debug */ = {
			isa = XCBuildConfiguration;
			buildSettings = {
				ARCHS = "$(ARCHS_STANDARD_64_BIT)";
				CLANG_ENABLE_OBJC_ARC = NO;
				HEADER_SEARCH_PATHS = ../../../../Interface;
				ONLY_ACTIVE_ARCH = NO;
				PRODUCT_NAME = "$(TARGET_NAME)";
				VALID_ARCHS = x86_64;
			};
			name = Debug;
		};
		35EE81251E0425F6009FBC24 /* Release */ = {
			isa = XCBuildConfiguration;
			buildSettings = {
				ARCHS = "$(ARCHS_STANDARD_64_BIT)";
				CLANG_ENABLE_OBJC_ARC = NO;
				HEADER_SEARCH_PATHS = ../../../../Interface;
				PRODUCT_NAME = "$(TARGET_NAME)";
				VALID_ARCHS = x86_64;
			};
			name = Release;
		};
		35EE81301E042666009FBC24 /* Debug */ = {
			isa = XCBuildConfiguration;
			buildSettings = {
				ARCHS = "$(ARCHS_STANDARD_32_BIT)";
				CLANG_ENABLE_OBJC_ARC = NO;
				HEADER_SEARCH_PATHS = ../../../../Interface;
				ONLY_ACTIVE_ARCH = NO;
				PRODUCT_NAME = "$(TARGET_NAME)";
				VALID_ARCHS = i386;
			};
			name = Debug;
		};
		35EE81311E042666009FBC24 /* Release */ = {
			isa = XCBuildConfiguration;
			buildSettings = {
				ARCHS = "$(ARCHS_STANDARD_32_BIT)";
				CLANG_ENABLE_OBJC_ARC = NO;
				HEADER_SEARCH_PATHS = ../../../../Interface;
				PRODUCT_NAME = "$(TARGET_NAME)";
				VALID_ARCHS = i386;
			};
			name = Release;
		};
		35EE813B1E042692009FBC24 /* Debug */ = {
			isa = XCBuildConfiguration;
			buildSettings = {
				ARCHS = "$(ARCHS_STANDARD_64_BIT)";
				CLANG_ENABLE_OBJC_ARC = NO;
				HEADER_SEARCH_PATHS = ../../../../Interface;
				LIBRARY_SEARCH_PATHS = "";
				ONLY_ACTIVE_ARCH = NO;
				PRODUCT_NAME = "$(TARGET_NAME)";
				VALID_ARCHS = x86_64;
				asfd = "";
			};
			name = Debug;
		};
		35EE813C1E042692009FBC24 /* Release */ = {
			isa = XCBuildConfiguration;
			buildSettings = {
				ARCHS = "$(ARCHS_STANDARD_64_BIT)";
				CLANG_ENABLE_OBJC_ARC = NO;
				HEADER_SEARCH_PATHS = ../../../../Interface;
				LIBRARY_SEARCH_PATHS = "";
				PRODUCT_NAME = "$(TARGET_NAME)";
				VALID_ARCHS = x86_64;
				asfd = "";
			};
			name = Release;
		};
/* End XCBuildConfiguration section */

/* Begin XCConfigurationList section */
		35EE80F61E033A0C009FBC24 /* Build configuration list for PBXProject "GTests" */ = {
			isa = XCConfigurationList;
			buildConfigurations = (
				35EE81001E033A0C009FBC24 /* Debug */,
				35EE81011E033A0C009FBC24 /* Release */,
			);
			defaultConfigurationIsVisible = 0;
			defaultConfigurationName = Release;
		};
		35EE81021E033A0C009FBC24 /* Build configuration list for PBXNativeTarget "Debug i386" */ = {
			isa = XCConfigurationList;
			buildConfigurations = (
				35EE81031E033A0C009FBC24 /* Debug */,
				35EE81041E033A0C009FBC24 /* Release */,
			);
			defaultConfigurationIsVisible = 0;
			defaultConfigurationName = Release;
		};
		35EE81231E0425F6009FBC24 /* Build configuration list for PBXNativeTarget "Debug amd64" */ = {
			isa = XCConfigurationList;
			buildConfigurations = (
				35EE81241E0425F6009FBC24 /* Debug */,
				35EE81251E0425F6009FBC24 /* Release */,
			);
			defaultConfigurationIsVisible = 0;
			defaultConfigurationName = Release;
		};
		35EE812F1E042666009FBC24 /* Build configuration list for PBXNativeTarget "Release i386" */ = {
			isa = XCConfigurationList;
			buildConfigurations = (
				35EE81301E042666009FBC24 /* Debug */,
				35EE81311E042666009FBC24 /* Release */,
			);
			defaultConfigurationIsVisible = 0;
			defaultConfigurationName = Release;
		};
		35EE813A1E042692009FBC24 /* Build configuration list for PBXNativeTarget "Release amd64" */ = {
			isa = XCConfigurationList;
			buildConfigurations = (
				35EE813B1E042692009FBC24 /* Debug */,
				35EE813C1E042692009FBC24 /* Release */,
			);
			defaultConfigurationIsVisible = 0;
			defaultConfigurationName = Release;
		};
/* End XCConfigurationList section */
	};
	rootObject = 35EE80F31E033A0C009FBC24 /* Project object */;
}
