// !$*UTF8*$!
{
	archiveVersion = 1;
	classes = {
	};
	objectVersion = 46;
	objects = {

/* Begin PBXContainerItemProxy section */
		35035CE81DCBB27800CF3387 /* PBXContainerItemProxy */ = {
			isa = PBXContainerItemProxy;
			containerPortal = 35035CE41DCBB27700CF3387 /* GFile.xcodeproj */;
			proxyType = 2;
			remoteGlobalIDString = 35035CD61DCBB27700CF3387;
			remoteInfo = GFile;
		};
		35035D071DCBB2F400CF3387 /* PBXContainerItemProxy */ = {
			isa = PBXContainerItemProxy;
			containerPortal = 35035D031DCBB2F300CF3387 /* GLog.xcodeproj */;
			proxyType = 2;
			remoteGlobalIDString = 35035CF51DCBB2F300CF3387;
			remoteInfo = GLog;
		};
/* End PBXContainerItemProxy section */

/* Begin PBXFileReference section */
		35035CE41DCBB27700CF3387 /* GFile.xcodeproj */ = {isa = PBXFileReference; lastKnownFileType = "wrapper.pb-project"; name = GFile.xcodeproj; path = GFile/GFile.xcodeproj; sourceTree = "<group>"; };
		35035D031DCBB2F300CF3387 /* GLog.xcodeproj */ = {isa = PBXFileReference; lastKnownFileType = "wrapper.pb-project"; name = GLog.xcodeproj; path = GLog/GLog.xcodeproj; sourceTree = "<group>"; };
/* End PBXFileReference section */

/* Begin PBXGroup section */
		35035CC61DCBB25800CF3387 = {
			isa = PBXGroup;
			children = (
				35035D031DCBB2F300CF3387 /* GLog.xcodeproj */,
				35035CE41DCBB27700CF3387 /* GFile.xcodeproj */,
			);
			sourceTree = "<group>";
		};
		35035CE51DCBB27700CF3387 /* Products */ = {
			isa = PBXGroup;
			children = (
				35035CE91DCBB27800CF3387 /* libGFile.a */,
			);
			name = Products;
			sourceTree = "<group>";
		};
		35035D041DCBB2F300CF3387 /* Products */ = {
			isa = PBXGroup;
			children = (
				35035D081DCBB2F400CF3387 /* libGLog.a */,
			);
			name = Products;
			sourceTree = "<group>";
		};
/* End PBXGroup section */

/* Begin PBXProject section */
		35035CC71DCBB25800CF3387 /* Project object */ = {
			isa = PBXProject;
			attributes = {
				LastUpgradeCheck = 0810;
			};
			buildConfigurationList = 35035CCA1DCBB25800CF3387 /* Build configuration list for PBXProject "GateWare" */;
			compatibilityVersion = "Xcode 3.2";
			developmentRegion = English;
			hasScannedForEncodings = 0;
			knownRegions = (
				en,
			);
			mainGroup = 35035CC61DCBB25800CF3387;
			projectDirPath = "";
			projectReferences = (
				{
					ProductGroup = 35035CE51DCBB27700CF3387 /* Products */;
					ProjectRef = 35035CE41DCBB27700CF3387 /* GFile.xcodeproj */;
				},
				{
					ProductGroup = 35035D041DCBB2F300CF3387 /* Products */;
					ProjectRef = 35035D031DCBB2F300CF3387 /* GLog.xcodeproj */;
				},
			);
			projectRoot = "";
			targets = (
			);
		};
/* End PBXProject section */

/* Begin PBXReferenceProxy section */
		35035CE91DCBB27800CF3387 /* libGFile.a */ = {
			isa = PBXReferenceProxy;
			fileType = archive.ar;
			path = libGFile.a;
			remoteRef = 35035CE81DCBB27800CF3387 /* PBXContainerItemProxy */;
			sourceTree = BUILT_PRODUCTS_DIR;
		};
		35035D081DCBB2F400CF3387 /* libGLog.a */ = {
			isa = PBXReferenceProxy;
			fileType = archive.ar;
			path = libGLog.a;
			remoteRef = 35035D071DCBB2F400CF3387 /* PBXContainerItemProxy */;
			sourceTree = BUILT_PRODUCTS_DIR;
		};
/* End PBXReferenceProxy section */

/* Begin XCBuildConfiguration section */
		35035CCB1DCBB25800CF3387 /* Debug */ = {
			isa = XCBuildConfiguration;
			buildSettings = {
			};
			name = Debug;
		};
		35035CCC1DCBB25800CF3387 /* Release */ = {
			isa = XCBuildConfiguration;
			buildSettings = {
			};
			name = Release;
		};
/* End XCBuildConfiguration section */

/* Begin XCConfigurationList section */
		35035CCA1DCBB25800CF3387 /* Build configuration list for PBXProject "GateWare" */ = {
			isa = XCConfigurationList;
			buildConfigurations = (
				35035CCB1DCBB25800CF3387 /* Debug */,
				35035CCC1DCBB25800CF3387 /* Release */,
			);
			defaultConfigurationIsVisible = 0;
			defaultConfigurationName = Release;
		};
/* End XCConfigurationList section */
	};
	rootObject = 35035CC71DCBB25800CF3387 /* Project object */;
}
