// !$*UTF8*$!
{
	archiveVersion = 1;
	classes = {
	};
	objectVersion = 46;
	objects = {

/* Begin PBXBuildFile section */
		8F11A5901EF421A60071797C /* GWindow_Callback.hpp in Headers */ = {isa = PBXBuildFile; fileRef = 8F11A58F1EF421A60071797C /* GWindow_Callback.hpp */; };
		8F11A5951EF422690071797C /* GWindow.mm in Sources */ = {isa = PBXBuildFile; fileRef = 8F11A5941EF422690071797C /* GWindow.mm */; };
		8F4D7BD11ECC99DC008FE314 /* GWindow.h in Headers */ = {isa = PBXBuildFile; fileRef = 8F4D7BB51ECC9609008FE314 /* GWindow.h */; };
		8F4D7BD31ECC99F5008FE314 /* GDefines.h in Headers */ = {isa = PBXBuildFile; fileRef = 8F4D7BD21ECC99F5008FE314 /* GDefines.h */; };
		8FC2A6CC1EF865780078D909 /* GWindow.mm in Sources */ = {isa = PBXBuildFile; fileRef = 8F11A5941EF422690071797C /* GWindow.mm */; };
		8FC2A6CE1EF865780078D909 /* Cocoa.framework in Frameworks */ = {isa = PBXBuildFile; fileRef = 8FCCDBB61EF8408B0082B736 /* Cocoa.framework */; };
		8FC2A6D01EF865780078D909 /* GWindow_Callback.hpp in Headers */ = {isa = PBXBuildFile; fileRef = 8F11A58F1EF421A60071797C /* GWindow_Callback.hpp */; };
		8FC2A6D11EF865780078D909 /* GWindow.h in Headers */ = {isa = PBXBuildFile; fileRef = 8F4D7BB51ECC9609008FE314 /* GWindow.h */; };
		8FC2A6D21EF865780078D909 /* GDefines.h in Headers */ = {isa = PBXBuildFile; fileRef = 8F4D7BD21ECC99F5008FE314 /* GDefines.h */; };
		8FCCDBB71EF8408B0082B736 /* Cocoa.framework in Frameworks */ = {isa = PBXBuildFile; fileRef = 8FCCDBB61EF8408B0082B736 /* Cocoa.framework */; };
/* End PBXBuildFile section */

/* Begin PBXFileReference section */
		8F11A58F1EF421A60071797C /* GWindow_Callback.hpp */ = {isa = PBXFileReference; fileEncoding = 4; lastKnownFileType = sourcecode.cpp.h; name = GWindow_Callback.hpp; path = ../../../Source/G_System/GWindow_Callback.hpp; sourceTree = "<group>"; };
		8F11A5941EF422690071797C /* GWindow.mm */ = {isa = PBXFileReference; fileEncoding = 4; lastKnownFileType = sourcecode.cpp.objcpp; path = GWindow.mm; sourceTree = "<group>"; };
		8F4D7BB31ECC95EA008FE314 /* GWindow.cpp */ = {isa = PBXFileReference; fileEncoding = 4; lastKnownFileType = sourcecode.cpp.cpp; name = GWindow.cpp; path = ../../../Source/G_System/GWindow.cpp; sourceTree = "<group>"; };
		8F4D7BB51ECC9609008FE314 /* GWindow.h */ = {isa = PBXFileReference; fileEncoding = 4; lastKnownFileType = sourcecode.c.h; name = GWindow.h; path = ../../../Interface/G_System/GWindow.h; sourceTree = "<group>"; };
		8F4D7BCC1ECC981D008FE314 /* GWindow .a */ = {isa = PBXFileReference; explicitFileType = archive.ar; includeInIndex = 0; path = "GWindow .a"; sourceTree = BUILT_PRODUCTS_DIR; };
		8F4D7BD21ECC99F5008FE314 /* GDefines.h */ = {isa = PBXFileReference; fileEncoding = 4; lastKnownFileType = sourcecode.c.h; name = GDefines.h; path = ../../../Interface/G_Core/GDefines.h; sourceTree = "<group>"; };
		8FC2A6D61EF865780078D909 /* GWindow.a */ = {isa = PBXFileReference; explicitFileType = archive.ar; includeInIndex = 0; path = GWindow.a; sourceTree = BUILT_PRODUCTS_DIR; };
		8FCCDBB61EF8408B0082B736 /* Cocoa.framework */ = {isa = PBXFileReference; lastKnownFileType = wrapper.framework; name = Cocoa.framework; path = System/Library/Frameworks/Cocoa.framework; sourceTree = SDKROOT; };
/* End PBXFileReference section */

/* Begin PBXFrameworksBuildPhase section */
		8F4D7BC91ECC981D008FE314 /* Frameworks */ = {
			isa = PBXFrameworksBuildPhase;
			buildActionMask = 2147483647;
			files = (
				8FCCDBB71EF8408B0082B736 /* Cocoa.framework in Frameworks */,
			);
			runOnlyForDeploymentPostprocessing = 0;
		};
		8FC2A6CD1EF865780078D909 /* Frameworks */ = {
			isa = PBXFrameworksBuildPhase;
			buildActionMask = 2147483647;
			files = (
				8FC2A6CE1EF865780078D909 /* Cocoa.framework in Frameworks */,
			);
			runOnlyForDeploymentPostprocessing = 0;
		};
/* End PBXFrameworksBuildPhase section */

/* Begin PBXGroup section */
		8FCCDBB51EF8408B0082B736 /* Frameworks */ = {
			isa = PBXGroup;
			children = (
				8FCCDBB61EF8408B0082B736 /* Cocoa.framework */,
			);
			name = Frameworks;
			sourceTree = "<group>";
		};
		8FD6D0541ECB5F2800D9BA05 = {
			isa = PBXGroup;
			children = (
				8F11A5941EF422690071797C /* GWindow.mm */,
				8F11A58F1EF421A60071797C /* GWindow_Callback.hpp */,
				8F4D7BD21ECC99F5008FE314 /* GDefines.h */,
				8F4D7BB51ECC9609008FE314 /* GWindow.h */,
				8F4D7BB31ECC95EA008FE314 /* GWindow.cpp */,
				8FD6D07B1ECB60E200D9BA05 /* Products */,
				8FCCDBB51EF8408B0082B736 /* Frameworks */,
			);
			sourceTree = "<group>";
		};
		8FD6D07B1ECB60E200D9BA05 /* Products */ = {
			isa = PBXGroup;
			children = (
				8F4D7BCC1ECC981D008FE314 /* GWindow .a */,
				8FC2A6D61EF865780078D909 /* GWindow.a */,
			);
			name = Products;
			sourceTree = "<group>";
		};
/* End PBXGroup section */

/* Begin PBXHeadersBuildPhase section */
		8F4D7BCA1ECC981D008FE314 /* Headers */ = {
			isa = PBXHeadersBuildPhase;
			buildActionMask = 2147483647;
			files = (
				8F11A5901EF421A60071797C /* GWindow_Callback.hpp in Headers */,
				8F4D7BD11ECC99DC008FE314 /* GWindow.h in Headers */,
				8F4D7BD31ECC99F5008FE314 /* GDefines.h in Headers */,
			);
			runOnlyForDeploymentPostprocessing = 0;
		};
		8FC2A6CF1EF865780078D909 /* Headers */ = {
			isa = PBXHeadersBuildPhase;
			buildActionMask = 2147483647;
			files = (
				8FC2A6D01EF865780078D909 /* GWindow_Callback.hpp in Headers */,
				8FC2A6D11EF865780078D909 /* GWindow.h in Headers */,
				8FC2A6D21EF865780078D909 /* GDefines.h in Headers */,
			);
			runOnlyForDeploymentPostprocessing = 0;
		};
/* End PBXHeadersBuildPhase section */

/* Begin PBXNativeTarget section */
		8F4D7BCB1ECC981D008FE314 /* GWindow amd64 */ = {
			isa = PBXNativeTarget;
			buildConfigurationList = 8F4D7BCD1ECC981D008FE314 /* Build configuration list for PBXNativeTarget "GWindow amd64" */;
			buildPhases = (
				8F4D7BC81ECC981D008FE314 /* Sources */,
				8F4D7BC91ECC981D008FE314 /* Frameworks */,
				8F4D7BCA1ECC981D008FE314 /* Headers */,
			);
			buildRules = (
			);
			dependencies = (
			);
			name = "GWindow amd64";
			productName = "GWindow amd64";
			productReference = 8F4D7BCC1ECC981D008FE314 /* GWindow .a */;
			productType = "com.apple.product-type.library.static";
		};
		8FC2A6CA1EF865780078D909 /* GWindow i386 */ = {
			isa = PBXNativeTarget;
			buildConfigurationList = 8FC2A6D31EF865780078D909 /* Build configuration list for PBXNativeTarget "GWindow i386" */;
			buildPhases = (
				8FC2A6CB1EF865780078D909 /* Sources */,
				8FC2A6CD1EF865780078D909 /* Frameworks */,
				8FC2A6CF1EF865780078D909 /* Headers */,
			);
			buildRules = (
			);
			dependencies = (
			);
			name = "GWindow i386";
			productName = "GWindow amd64";
			productReference = 8FC2A6D61EF865780078D909 /* GWindow.a */;
			productType = "com.apple.product-type.library.static";
		};
/* End PBXNativeTarget section */

/* Begin PBXProject section */
		8FD6D0551ECB5F2900D9BA05 /* Project object */ = {
			isa = PBXProject;
			attributes = {
				LastUpgradeCheck = 0810;
				TargetAttributes = {
					8F4D7BCB1ECC981D008FE314 = {
						CreatedOnToolsVersion = 8.1;
						DevelopmentTeam = JBAX5FBJRL;
						ProvisioningStyle = Automatic;
					};
					8FC2A6CA1EF865780078D909 = {
						DevelopmentTeam = JBAX5FBJRL;
					};
				};
			};
			buildConfigurationList = 8FD6D0581ECB5F2900D9BA05 /* Build configuration list for PBXProject "GWindow" */;
			compatibilityVersion = "Xcode 3.2";
			developmentRegion = English;
			hasScannedForEncodings = 0;
			knownRegions = (
				en,
			);
			mainGroup = 8FD6D0541ECB5F2800D9BA05;
			productRefGroup = 8FD6D07B1ECB60E200D9BA05 /* Products */;
			projectDirPath = "";
			projectRoot = "";
			targets = (
				8F4D7BCB1ECC981D008FE314 /* GWindow amd64 */,
				8FC2A6CA1EF865780078D909 /* GWindow i386 */,
			);
		};
/* End PBXProject section */

/* Begin PBXSourcesBuildPhase section */
		8F4D7BC81ECC981D008FE314 /* Sources */ = {
			isa = PBXSourcesBuildPhase;
			buildActionMask = 2147483647;
			files = (
				8F11A5951EF422690071797C /* GWindow.mm in Sources */,
			);
			runOnlyForDeploymentPostprocessing = 0;
		};
		8FC2A6CB1EF865780078D909 /* Sources */ = {
			isa = PBXSourcesBuildPhase;
			buildActionMask = 2147483647;
			files = (
				8FC2A6CC1EF865780078D909 /* GWindow.mm in Sources */,
			);
			runOnlyForDeploymentPostprocessing = 0;
		};
/* End PBXSourcesBuildPhase section */

/* Begin XCBuildConfiguration section */
		8F4D7BCE1ECC981D008FE314 /* Debug */ = {
			isa = XCBuildConfiguration;
			buildSettings = {
				ALWAYS_SEARCH_USER_PATHS = NO;
				ARCHS = "$(ARCHS_STANDARD_64_BIT)";
				CLANG_ANALYZER_NONNULL = YES;
				CLANG_CXX_LANGUAGE_STANDARD = "gnu++0x";
				CLANG_CXX_LIBRARY = "libc++";
				CLANG_ENABLE_MODULES = YES;
				CLANG_ENABLE_OBJC_ARC = NO;
				CLANG_WARN_BOOL_CONVERSION = YES;
				CLANG_WARN_CONSTANT_CONVERSION = YES;
				CLANG_WARN_DIRECT_OBJC_ISA_USAGE = YES_ERROR;
				CLANG_WARN_DOCUMENTATION_COMMENTS = YES;
				CLANG_WARN_EMPTY_BODY = YES;
				CLANG_WARN_ENUM_CONVERSION = YES;
				CLANG_WARN_INFINITE_RECURSION = YES;
				CLANG_WARN_INT_CONVERSION = YES;
				CLANG_WARN_OBJC_ROOT_CLASS = YES_ERROR;
				CLANG_WARN_SUSPICIOUS_MOVES = YES;
				CLANG_WARN_UNREACHABLE_CODE = YES;
				CLANG_WARN__DUPLICATE_METHOD_MATCH = YES;
				CODE_SIGN_IDENTITY = "-";
				CONFIGURATION_BUILD_DIR = "$(BUILD_DIR)/amd64/$(CONFIGURATION)";
				COPY_PHASE_STRIP = NO;
				DEBUG_INFORMATION_FORMAT = dwarf;
				DEVELOPMENT_TEAM = JBAX5FBJRL;
				ENABLE_STRICT_OBJC_MSGSEND = YES;
				ENABLE_TESTABILITY = YES;
				EXECUTABLE_PREFIX = "";
				GCC_C_LANGUAGE_STANDARD = gnu99;
				GCC_DYNAMIC_NO_PIC = NO;
				GCC_NO_COMMON_BLOCKS = YES;
				GCC_OPTIMIZATION_LEVEL = 0;
				GCC_PREPROCESSOR_DEFINITIONS = (
					"DEBUG=1",
					"$(inherited)",
				);
				GCC_WARN_64_TO_32_BIT_CONVERSION = YES;
				GCC_WARN_ABOUT_RETURN_TYPE = YES_ERROR;
				GCC_WARN_UNDECLARED_SELECTOR = YES;
				GCC_WARN_UNINITIALIZED_AUTOS = YES_AGGRESSIVE;
				GCC_WARN_UNUSED_FUNCTION = YES;
				GCC_WARN_UNUSED_VARIABLE = YES;
				MTL_ENABLE_DEBUG_INFO = YES;
				ONLY_ACTIVE_ARCH = YES;
				PRODUCT_NAME = "GWindow ";
				SDKROOT = macosx;
				VALID_ARCHS = x86_64;
			};
			name = Debug;
		};
		8F4D7BCF1ECC981D008FE314 /* Release */ = {
			isa = XCBuildConfiguration;
			buildSettings = {
				ALWAYS_SEARCH_USER_PATHS = NO;
				ARCHS = "$(ARCHS_STANDARD_64_BIT)";
				CLANG_ANALYZER_NONNULL = YES;
				CLANG_CXX_LANGUAGE_STANDARD = "gnu++0x";
				CLANG_CXX_LIBRARY = "libc++";
				CLANG_ENABLE_MODULES = YES;
				CLANG_ENABLE_OBJC_ARC = NO;
				CLANG_WARN_BOOL_CONVERSION = YES;
				CLANG_WARN_CONSTANT_CONVERSION = YES;
				CLANG_WARN_DIRECT_OBJC_ISA_USAGE = YES_ERROR;
				CLANG_WARN_DOCUMENTATION_COMMENTS = YES;
				CLANG_WARN_EMPTY_BODY = YES;
				CLANG_WARN_ENUM_CONVERSION = YES;
				CLANG_WARN_INFINITE_RECURSION = YES;
				CLANG_WARN_INT_CONVERSION = YES;
				CLANG_WARN_OBJC_ROOT_CLASS = YES_ERROR;
				CLANG_WARN_SUSPICIOUS_MOVES = YES;
				CLANG_WARN_UNREACHABLE_CODE = YES;
				CLANG_WARN__DUPLICATE_METHOD_MATCH = YES;
				CODE_SIGN_IDENTITY = "-";
				CONFIGURATION_BUILD_DIR = "$(BUILD_DIR)/amd64/$(CONFIGURATION)";
				COPY_PHASE_STRIP = NO;
				DEBUG_INFORMATION_FORMAT = "dwarf-with-dsym";
				DEVELOPMENT_TEAM = JBAX5FBJRL;
				ENABLE_NS_ASSERTIONS = NO;
				ENABLE_STRICT_OBJC_MSGSEND = YES;
				ENABLE_TESTABILITY = NO;
				EXECUTABLE_PREFIX = "";
				GCC_C_LANGUAGE_STANDARD = gnu99;
				GCC_NO_COMMON_BLOCKS = YES;
				GCC_WARN_64_TO_32_BIT_CONVERSION = YES;
				GCC_WARN_ABOUT_RETURN_TYPE = YES_ERROR;
				GCC_WARN_UNDECLARED_SELECTOR = YES;
				GCC_WARN_UNINITIALIZED_AUTOS = YES_AGGRESSIVE;
				GCC_WARN_UNUSED_FUNCTION = YES;
				GCC_WARN_UNUSED_VARIABLE = YES;
				MTL_ENABLE_DEBUG_INFO = NO;
				PRODUCT_NAME = "GWindow ";
				SDKROOT = macosx;
				VALID_ARCHS = x86_64;
			};
			name = Release;
		};
		8FC2A6D41EF865780078D909 /* Debug */ = {
			isa = XCBuildConfiguration;
			buildSettings = {
				ALWAYS_SEARCH_USER_PATHS = NO;
				ARCHS = "$(ARCHS_STANDARD_32_BIT)";
				CLANG_ANALYZER_NONNULL = YES;
				CLANG_CXX_LANGUAGE_STANDARD = "gnu++0x";
				CLANG_CXX_LIBRARY = "libc++";
				CLANG_ENABLE_MODULES = YES;
				CLANG_ENABLE_OBJC_ARC = NO;
				CLANG_WARN_BOOL_CONVERSION = YES;
				CLANG_WARN_CONSTANT_CONVERSION = YES;
				CLANG_WARN_DIRECT_OBJC_ISA_USAGE = YES_ERROR;
				CLANG_WARN_DOCUMENTATION_COMMENTS = YES;
				CLANG_WARN_EMPTY_BODY = YES;
				CLANG_WARN_ENUM_CONVERSION = YES;
				CLANG_WARN_INFINITE_RECURSION = YES;
				CLANG_WARN_INT_CONVERSION = YES;
				CLANG_WARN_OBJC_ROOT_CLASS = YES_ERROR;
				CLANG_WARN_SUSPICIOUS_MOVES = YES;
				CLANG_WARN_UNREACHABLE_CODE = YES;
				CLANG_WARN__DUPLICATE_METHOD_MATCH = YES;
				CODE_SIGN_IDENTITY = "-";
				CONFIGURATION_BUILD_DIR = "$(BUILD_DIR)/i386/$(CONFIGURATION)";
				COPY_PHASE_STRIP = NO;
				DEBUG_INFORMATION_FORMAT = dwarf;
				DEVELOPMENT_TEAM = JBAX5FBJRL;
				ENABLE_STRICT_OBJC_MSGSEND = YES;
				ENABLE_TESTABILITY = YES;
				EXECUTABLE_PREFIX = "";
				GCC_C_LANGUAGE_STANDARD = gnu99;
				GCC_DYNAMIC_NO_PIC = NO;
				GCC_NO_COMMON_BLOCKS = YES;
				GCC_OPTIMIZATION_LEVEL = 0;
				GCC_PREPROCESSOR_DEFINITIONS = (
					"DEBUG=1",
					"$(inherited)",
				);
				GCC_WARN_64_TO_32_BIT_CONVERSION = YES;
				GCC_WARN_ABOUT_RETURN_TYPE = YES_ERROR;
				GCC_WARN_UNDECLARED_SELECTOR = YES;
				GCC_WARN_UNINITIALIZED_AUTOS = YES_AGGRESSIVE;
				GCC_WARN_UNUSED_FUNCTION = YES;
				GCC_WARN_UNUSED_VARIABLE = YES;
				MTL_ENABLE_DEBUG_INFO = YES;
				ONLY_ACTIVE_ARCH = YES;
				PRODUCT_NAME = GWindow;
				SDKROOT = macosx;
				VALID_ARCHS = i386;
			};
			name = Debug;
		};
		8FC2A6D51EF865780078D909 /* Release */ = {
			isa = XCBuildConfiguration;
			buildSettings = {
				ALWAYS_SEARCH_USER_PATHS = NO;
				ARCHS = "$(ARCHS_STANDARD_32_BIT)";
				CLANG_ANALYZER_NONNULL = YES;
				CLANG_CXX_LANGUAGE_STANDARD = "gnu++0x";
				CLANG_CXX_LIBRARY = "libc++";
				CLANG_ENABLE_MODULES = YES;
				CLANG_ENABLE_OBJC_ARC = NO;
				CLANG_WARN_BOOL_CONVERSION = YES;
				CLANG_WARN_CONSTANT_CONVERSION = YES;
				CLANG_WARN_DIRECT_OBJC_ISA_USAGE = YES_ERROR;
				CLANG_WARN_DOCUMENTATION_COMMENTS = YES;
				CLANG_WARN_EMPTY_BODY = YES;
				CLANG_WARN_ENUM_CONVERSION = YES;
				CLANG_WARN_INFINITE_RECURSION = YES;
				CLANG_WARN_INT_CONVERSION = YES;
				CLANG_WARN_OBJC_ROOT_CLASS = YES_ERROR;
				CLANG_WARN_SUSPICIOUS_MOVES = YES;
				CLANG_WARN_UNREACHABLE_CODE = YES;
				CLANG_WARN__DUPLICATE_METHOD_MATCH = YES;
				CODE_SIGN_IDENTITY = "-";
				CONFIGURATION_BUILD_DIR = "$(BUILD_DIR)/i386/$(CONFIGURATION)";
				COPY_PHASE_STRIP = NO;
				DEBUG_INFORMATION_FORMAT = "dwarf-with-dsym";
				DEVELOPMENT_TEAM = JBAX5FBJRL;
				ENABLE_NS_ASSERTIONS = NO;
				ENABLE_STRICT_OBJC_MSGSEND = YES;
				ENABLE_TESTABILITY = NO;
				EXECUTABLE_PREFIX = "";
				GCC_C_LANGUAGE_STANDARD = gnu99;
				GCC_NO_COMMON_BLOCKS = YES;
				GCC_WARN_64_TO_32_BIT_CONVERSION = YES;
				GCC_WARN_ABOUT_RETURN_TYPE = YES_ERROR;
				GCC_WARN_UNDECLARED_SELECTOR = YES;
				GCC_WARN_UNINITIALIZED_AUTOS = YES_AGGRESSIVE;
				GCC_WARN_UNUSED_FUNCTION = YES;
				GCC_WARN_UNUSED_VARIABLE = YES;
				MTL_ENABLE_DEBUG_INFO = NO;
				PRODUCT_NAME = GWindow;
				SDKROOT = macosx;
				VALID_ARCHS = i386;
			};
			name = Release;
		};
		8FD6D0591ECB5F2900D9BA05 /* Debug */ = {
			isa = XCBuildConfiguration;
			buildSettings = {
				EXECUTABLE_EXTENSION = a;
				GCC_C_LANGUAGE_STANDARD = gnu99;
				GCC_NO_COMMON_BLOCKS = YES;
				GCC_OPTIMIZATION_LEVEL = 0;
				MACOSX_DEPLOYMENT_TARGET = 10.12;
				PRIVATE_HEADERS_FOLDER_PATH = /usr/local/include;
				PRODUCT_MODULE_NAME = GWindow;
				PRODUCT_NAME = GWindow;
				PUBLIC_HEADERS_FOLDER_PATH = /usr/local/include;
			};
			name = Debug;
		};
		8FD6D05A1ECB5F2900D9BA05 /* Release */ = {
			isa = XCBuildConfiguration;
			buildSettings = {
				EXECUTABLE_EXTENSION = a;
				GCC_C_LANGUAGE_STANDARD = gnu99;
				GCC_NO_COMMON_BLOCKS = YES;
				GCC_OPTIMIZATION_LEVEL = s;
				MACOSX_DEPLOYMENT_TARGET = 10.12;
				PRIVATE_HEADERS_FOLDER_PATH = /usr/local/include;
				PRODUCT_MODULE_NAME = GWindow;
				PRODUCT_NAME = GWindow;
				PUBLIC_HEADERS_FOLDER_PATH = /usr/local/include;
			};
			name = Release;
		};
/* End XCBuildConfiguration section */

/* Begin XCConfigurationList section */
		8F4D7BCD1ECC981D008FE314 /* Build configuration list for PBXNativeTarget "GWindow amd64" */ = {
			isa = XCConfigurationList;
			buildConfigurations = (
				8F4D7BCE1ECC981D008FE314 /* Debug */,
				8F4D7BCF1ECC981D008FE314 /* Release */,
			);
			defaultConfigurationIsVisible = 0;
			defaultConfigurationName = Release;
		};
		8FC2A6D31EF865780078D909 /* Build configuration list for PBXNativeTarget "GWindow i386" */ = {
			isa = XCConfigurationList;
			buildConfigurations = (
				8FC2A6D41EF865780078D909 /* Debug */,
				8FC2A6D51EF865780078D909 /* Release */,
			);
			defaultConfigurationIsVisible = 0;
			defaultConfigurationName = Release;
		};
		8FD6D0581ECB5F2900D9BA05 /* Build configuration list for PBXProject "GWindow" */ = {
			isa = XCConfigurationList;
			buildConfigurations = (
				8FD6D0591ECB5F2900D9BA05 /* Debug */,
				8FD6D05A1ECB5F2900D9BA05 /* Release */,
			);
			defaultConfigurationIsVisible = 0;
			defaultConfigurationName = Release;
		};
/* End XCConfigurationList section */
	};
	rootObject = 8FD6D0551ECB5F2900D9BA05 /* Project object */;
}
