
Microsoft Visual Studio Solution File, Format Version 12.00
# Visual Studio 14
VisualStudioVersion = 14.0.25420.1
MinimumVisualStudioVersion = 10.0.40219.1
Project("{2150E333-8FDC-42A3-9474-1A3956D46DE8}") = "Interface", "Interface", "{DA6D4AAA-EE03-48DF-AE2F-48D12CB09E58}"
EndProject
Project("{2150E333-8FDC-42A3-9474-1A3956D46DE8}") = "G_System", "G_System", "{DCAC95E7-24D6-4AC0-894A-9BDCFF64EF2E}"
	ProjectSection(SolutionItems) = preProject
		..\Interface\G_System\GBufferedInput.h = ..\Interface\G_System\GBufferedInput.h
		..\Interface\G_System\GFile.h = ..\Interface\G_System\GFile.h
		..\Interface\G_System\GInput.h = ..\Interface\G_System\GInput.h
		..\Interface\G_System\GKeyDefines.h = ..\Interface\G_System\GKeyDefines.h
		..\Interface\G_System\GLog.h = ..\Interface\G_System\GLog.h
		..\Interface\G_System\GResponder.h = ..\Interface\G_System\GResponder.h
	EndProjectSection
EndProject
Project("{2150E333-8FDC-42A3-9474-1A3956D46DE8}") = "G_Core", "G_Core", "{1BB4750B-A84D-467C-9AB9-5D570F37DF3C}"
	ProjectSection(SolutionItems) = preProject
		..\Interface\G_Core\GBroadcasting.h = ..\Interface\G_Core\GBroadcasting.h
		..\Interface\G_Core\GDefines.h = ..\Interface\G_Core\GDefines.h
		..\Interface\G_Core\GInterface.h = ..\Interface\G_Core\GInterface.h
		..\Interface\G_Core\GListener.h = ..\Interface\G_Core\GListener.h
		..\Interface\G_Core\GMultiThreaded.h = ..\Interface\G_Core\GMultiThreaded.h
		..\Interface\G_Core\GSingleThreaded.h = ..\Interface\G_Core\GSingleThreaded.h
	EndProjectSection
EndProject
Project("{2150E333-8FDC-42A3-9474-1A3956D46DE8}") = "Libraries", "Libraries", "{784DCDFE-CE55-4D63-9962-B56733D23ACD}"
EndProject
Project("{2150E333-8FDC-42A3-9474-1A3956D46DE8}") = "G_System", "G_System", "{2582F0EF-61C1-485B-AA6A-904469D896EB}"
EndProject
Project("{8BC9CEB8-8B4A-11D0-8D11-00A0C91BC942}") = "GBufferedInput", "GBufferedInput\GBufferedInput.vcxproj", "{0AD098C7-63DD-4182-B069-0FE9E3DDB97D}"
EndProject
Project("{8BC9CEB8-8B4A-11D0-8D11-00A0C91BC942}") = "GInput", "GInput\GInput.vcxproj", "{F56C4551-9038-4416-B534-97850DCD5566}"
EndProject
Project("{2150E333-8FDC-42A3-9474-1A3956D46DE8}") = "DLL", "DLL", "{17EB72F5-7D6A-47B9-A63F-1316986611F5}"
EndProject
Project("{2150E333-8FDC-42A3-9474-1A3956D46DE8}") = "G_System", "G_System", "{78A620C4-0B3E-4106-9BD0-12DA228CF532}"
EndProject
Project("{8BC9CEB8-8B4A-11D0-8D11-00A0C91BC942}") = "GLog Source", "GLog Source\GLog Source.vcxitems", "{0A56711D-103D-41C5-AE1D-EB4B276B3786}"
EndProject
Project("{2150E333-8FDC-42A3-9474-1A3956D46DE8}") = "Shared Source", "Shared Source", "{BB51F589-4C22-487A-BBAD-D6F3486DFA47}"
EndProject
Project("{2150E333-8FDC-42A3-9474-1A3956D46DE8}") = "G_System", "G_System", "{7695DF87-DF46-4A78-A048-5B4836B66A99}"
EndProject
Project("{8BC9CEB8-8B4A-11D0-8D11-00A0C91BC942}") = "GFile Source", "GFile Source\GFile Source.vcxitems", "{2C72ED80-033A-4706-9A14-DC67685038A6}"
EndProject
Project("{8BC9CEB8-8B4A-11D0-8D11-00A0C91BC942}") = "GInput Source", "GInput Source\GInput Source.vcxitems", "{5EBE21F7-8433-4C8F-8C5A-11A55E9E1321}"
EndProject
Project("{8BC9CEB8-8B4A-11D0-8D11-00A0C91BC942}") = "GBufferedInput Source", "GBufferedInput Source\GBufferedInput Source.vcxitems", "{BCFADF99-0044-48CB-BC18-2D8128FC6969}"
EndProject
Project("{8BC9CEB8-8B4A-11D0-8D11-00A0C91BC942}") = "GFile", "GFile\GFile.vcxproj", "{6E57BBC4-E0EF-42BD-AFDA-19417F0178D1}"
EndProject
Project("{8BC9CEB8-8B4A-11D0-8D11-00A0C91BC942}") = "GFile_DLL", "GFile_DLL\GFile_DLL.vcxproj", "{79F4EA44-06E7-4706-8495-AA0514FD5DF9}"
EndProject
Project("{8BC9CEB8-8B4A-11D0-8D11-00A0C91BC942}") = "GLog", "GLog\GLog.vcxproj", "{29E5ADCC-A50D-4415-934C-9D48DA071753}"
EndProject
Project("{8BC9CEB8-8B4A-11D0-8D11-00A0C91BC942}") = "GInput_DLL", "GInput_DLL\GInput_DLL.vcxproj", "{D0E7A119-03F2-4680-8ACF-0B989568352E}"
EndProject
Project("{8BC9CEB8-8B4A-11D0-8D11-00A0C91BC942}") = "GBufferedInput_DLL", "GBufferedInput_DLL\GBufferedInput_DLL.vcxproj", "{6DA04194-D31C-4381-BA56-9A081794CA35}"
EndProject
Project("{8BC9CEB8-8B4A-11D0-8D11-00A0C91BC942}") = "GLog_DLL", "GLog_DLL\GLog_DLL.vcxproj", "{1E2D77C3-AB9E-4FDE-863E-50044659AF5D}"
EndProject
Global
	GlobalSection(SharedMSBuildProjectFiles) = preSolution
		GLog Source\GLog Source.vcxitems*{0a56711d-103d-41c5-ae1d-eb4b276b3786}*SharedItemsImports = 9
		GBufferedInput Source\GBufferedInput Source.vcxitems*{0ad098c7-63dd-4182-b069-0fe9e3ddb97d}*SharedItemsImports = 4
		GFile Source\GFile Source.vcxitems*{1e2d77c3-ab9e-4fde-863e-50044659af5d}*SharedItemsImports = 4
		GLog Source\GLog Source.vcxitems*{1e2d77c3-ab9e-4fde-863e-50044659af5d}*SharedItemsImports = 4
		GLog Source\GLog Source.vcxitems*{29e5adcc-a50d-4415-934c-9d48da071753}*SharedItemsImports = 4
		GFile Source\GFile Source.vcxitems*{2c72ed80-033a-4706-9a14-dc67685038a6}*SharedItemsImports = 9
		GInput Source\GInput Source.vcxitems*{5ebe21f7-8433-4c8f-8c5a-11a55e9e1321}*SharedItemsImports = 9
		GBufferedInput Source\GBufferedInput Source.vcxitems*{6da04194-d31c-4381-ba56-9a081794ca35}*SharedItemsImports = 4
		GFile Source\GFile Source.vcxitems*{6e57bbc4-e0ef-42bd-afda-19417f0178d1}*SharedItemsImports = 4
		GFile Source\GFile Source.vcxitems*{79f4ea44-06e7-4706-8495-aa0514fd5df9}*SharedItemsImports = 4
		GBufferedInput Source\GBufferedInput Source.vcxitems*{bcfadf99-0044-48cb-bc18-2d8128fc6969}*SharedItemsImports = 9
		GInput Source\GInput Source.vcxitems*{d0e7a119-03f2-4680-8acf-0b989568352e}*SharedItemsImports = 4
		GInput Source\GInput Source.vcxitems*{f56c4551-9038-4416-b534-97850dcd5566}*SharedItemsImports = 4
	EndGlobalSection
	GlobalSection(SolutionConfigurationPlatforms) = preSolution
		Debug|x64 = Debug|x64
		Debug|x86 = Debug|x86
		Release|x64 = Release|x64
		Release|x86 = Release|x86
	EndGlobalSection
	GlobalSection(ProjectConfigurationPlatforms) = postSolution
		{0AD098C7-63DD-4182-B069-0FE9E3DDB97D}.Debug|x64.ActiveCfg = Debug|x64
		{0AD098C7-63DD-4182-B069-0FE9E3DDB97D}.Debug|x64.Build.0 = Debug|x64
		{0AD098C7-63DD-4182-B069-0FE9E3DDB97D}.Debug|x86.ActiveCfg = Debug|Win32
		{0AD098C7-63DD-4182-B069-0FE9E3DDB97D}.Debug|x86.Build.0 = Debug|Win32
		{0AD098C7-63DD-4182-B069-0FE9E3DDB97D}.Release|x64.ActiveCfg = Release|x64
		{0AD098C7-63DD-4182-B069-0FE9E3DDB97D}.Release|x64.Build.0 = Release|x64
		{0AD098C7-63DD-4182-B069-0FE9E3DDB97D}.Release|x86.ActiveCfg = Release|Win32
		{0AD098C7-63DD-4182-B069-0FE9E3DDB97D}.Release|x86.Build.0 = Release|Win32
		{F56C4551-9038-4416-B534-97850DCD5566}.Debug|x64.ActiveCfg = Debug|x64
		{F56C4551-9038-4416-B534-97850DCD5566}.Debug|x64.Build.0 = Debug|x64
		{F56C4551-9038-4416-B534-97850DCD5566}.Debug|x86.ActiveCfg = Debug|Win32
		{F56C4551-9038-4416-B534-97850DCD5566}.Debug|x86.Build.0 = Debug|Win32
		{F56C4551-9038-4416-B534-97850DCD5566}.Release|x64.ActiveCfg = Release|x64
		{F56C4551-9038-4416-B534-97850DCD5566}.Release|x64.Build.0 = Release|x64
		{F56C4551-9038-4416-B534-97850DCD5566}.Release|x86.ActiveCfg = Release|Win32
		{F56C4551-9038-4416-B534-97850DCD5566}.Release|x86.Build.0 = Release|Win32
		{6E57BBC4-E0EF-42BD-AFDA-19417F0178D1}.Debug|x64.ActiveCfg = Debug|x64
		{6E57BBC4-E0EF-42BD-AFDA-19417F0178D1}.Debug|x64.Build.0 = Debug|x64
		{6E57BBC4-E0EF-42BD-AFDA-19417F0178D1}.Debug|x86.ActiveCfg = Debug|Win32
		{6E57BBC4-E0EF-42BD-AFDA-19417F0178D1}.Debug|x86.Build.0 = Debug|Win32
		{6E57BBC4-E0EF-42BD-AFDA-19417F0178D1}.Release|x64.ActiveCfg = Release|x64
		{6E57BBC4-E0EF-42BD-AFDA-19417F0178D1}.Release|x64.Build.0 = Release|x64
		{6E57BBC4-E0EF-42BD-AFDA-19417F0178D1}.Release|x86.ActiveCfg = Release|Win32
		{6E57BBC4-E0EF-42BD-AFDA-19417F0178D1}.Release|x86.Build.0 = Release|Win32
		{79F4EA44-06E7-4706-8495-AA0514FD5DF9}.Debug|x64.ActiveCfg = Debug|x64
		{79F4EA44-06E7-4706-8495-AA0514FD5DF9}.Debug|x64.Build.0 = Debug|x64
		{79F4EA44-06E7-4706-8495-AA0514FD5DF9}.Debug|x86.ActiveCfg = Debug|Win32
		{79F4EA44-06E7-4706-8495-AA0514FD5DF9}.Debug|x86.Build.0 = Debug|Win32
		{79F4EA44-06E7-4706-8495-AA0514FD5DF9}.Release|x64.ActiveCfg = Release|x64
		{79F4EA44-06E7-4706-8495-AA0514FD5DF9}.Release|x64.Build.0 = Release|x64
		{79F4EA44-06E7-4706-8495-AA0514FD5DF9}.Release|x86.ActiveCfg = Release|Win32
		{79F4EA44-06E7-4706-8495-AA0514FD5DF9}.Release|x86.Build.0 = Release|Win32
		{29E5ADCC-A50D-4415-934C-9D48DA071753}.Debug|x64.ActiveCfg = Debug|x64
		{29E5ADCC-A50D-4415-934C-9D48DA071753}.Debug|x64.Build.0 = Debug|x64
		{29E5ADCC-A50D-4415-934C-9D48DA071753}.Debug|x86.ActiveCfg = Debug|Win32
		{29E5ADCC-A50D-4415-934C-9D48DA071753}.Debug|x86.Build.0 = Debug|Win32
		{29E5ADCC-A50D-4415-934C-9D48DA071753}.Release|x64.ActiveCfg = Release|x64
		{29E5ADCC-A50D-4415-934C-9D48DA071753}.Release|x64.Build.0 = Release|x64
		{29E5ADCC-A50D-4415-934C-9D48DA071753}.Release|x86.ActiveCfg = Release|Win32
		{29E5ADCC-A50D-4415-934C-9D48DA071753}.Release|x86.Build.0 = Release|Win32
		{D0E7A119-03F2-4680-8ACF-0B989568352E}.Debug|x64.ActiveCfg = Debug|x64
		{D0E7A119-03F2-4680-8ACF-0B989568352E}.Debug|x64.Build.0 = Debug|x64
		{D0E7A119-03F2-4680-8ACF-0B989568352E}.Debug|x86.ActiveCfg = Debug|Win32
		{D0E7A119-03F2-4680-8ACF-0B989568352E}.Debug|x86.Build.0 = Debug|Win32
		{D0E7A119-03F2-4680-8ACF-0B989568352E}.Release|x64.ActiveCfg = Release|x64
		{D0E7A119-03F2-4680-8ACF-0B989568352E}.Release|x64.Build.0 = Release|x64
		{D0E7A119-03F2-4680-8ACF-0B989568352E}.Release|x86.ActiveCfg = Release|Win32
		{D0E7A119-03F2-4680-8ACF-0B989568352E}.Release|x86.Build.0 = Release|Win32
		{6DA04194-D31C-4381-BA56-9A081794CA35}.Debug|x64.ActiveCfg = Debug|x64
		{6DA04194-D31C-4381-BA56-9A081794CA35}.Debug|x64.Build.0 = Debug|x64
		{6DA04194-D31C-4381-BA56-9A081794CA35}.Debug|x86.ActiveCfg = Debug|Win32
		{6DA04194-D31C-4381-BA56-9A081794CA35}.Debug|x86.Build.0 = Debug|Win32
		{6DA04194-D31C-4381-BA56-9A081794CA35}.Release|x64.ActiveCfg = Release|x64
		{6DA04194-D31C-4381-BA56-9A081794CA35}.Release|x64.Build.0 = Release|x64
		{6DA04194-D31C-4381-BA56-9A081794CA35}.Release|x86.ActiveCfg = Release|Win32
		{6DA04194-D31C-4381-BA56-9A081794CA35}.Release|x86.Build.0 = Release|Win32
		{1E2D77C3-AB9E-4FDE-863E-50044659AF5D}.Debug|x64.ActiveCfg = Debug|x64
		{1E2D77C3-AB9E-4FDE-863E-50044659AF5D}.Debug|x64.Build.0 = Debug|x64
		{1E2D77C3-AB9E-4FDE-863E-50044659AF5D}.Debug|x86.ActiveCfg = Debug|Win32
		{1E2D77C3-AB9E-4FDE-863E-50044659AF5D}.Debug|x86.Build.0 = Debug|Win32
		{1E2D77C3-AB9E-4FDE-863E-50044659AF5D}.Release|x64.ActiveCfg = Release|x64
		{1E2D77C3-AB9E-4FDE-863E-50044659AF5D}.Release|x64.Build.0 = Release|x64
		{1E2D77C3-AB9E-4FDE-863E-50044659AF5D}.Release|x86.ActiveCfg = Release|Win32
		{1E2D77C3-AB9E-4FDE-863E-50044659AF5D}.Release|x86.Build.0 = Release|Win32
	EndGlobalSection
	GlobalSection(SolutionProperties) = preSolution
		HideSolutionNode = FALSE
	EndGlobalSection
	GlobalSection(NestedProjects) = preSolution
		{DCAC95E7-24D6-4AC0-894A-9BDCFF64EF2E} = {DA6D4AAA-EE03-48DF-AE2F-48D12CB09E58}
		{1BB4750B-A84D-467C-9AB9-5D570F37DF3C} = {DA6D4AAA-EE03-48DF-AE2F-48D12CB09E58}
		{2582F0EF-61C1-485B-AA6A-904469D896EB} = {784DCDFE-CE55-4D63-9962-B56733D23ACD}
		{0AD098C7-63DD-4182-B069-0FE9E3DDB97D} = {2582F0EF-61C1-485B-AA6A-904469D896EB}
		{F56C4551-9038-4416-B534-97850DCD5566} = {2582F0EF-61C1-485B-AA6A-904469D896EB}
		{78A620C4-0B3E-4106-9BD0-12DA228CF532} = {17EB72F5-7D6A-47B9-A63F-1316986611F5}
		{0A56711D-103D-41C5-AE1D-EB4B276B3786} = {7695DF87-DF46-4A78-A048-5B4836B66A99}
		{7695DF87-DF46-4A78-A048-5B4836B66A99} = {BB51F589-4C22-487A-BBAD-D6F3486DFA47}
		{2C72ED80-033A-4706-9A14-DC67685038A6} = {7695DF87-DF46-4A78-A048-5B4836B66A99}
		{5EBE21F7-8433-4C8F-8C5A-11A55E9E1321} = {7695DF87-DF46-4A78-A048-5B4836B66A99}
		{BCFADF99-0044-48CB-BC18-2D8128FC6969} = {7695DF87-DF46-4A78-A048-5B4836B66A99}
		{6E57BBC4-E0EF-42BD-AFDA-19417F0178D1} = {2582F0EF-61C1-485B-AA6A-904469D896EB}
		{79F4EA44-06E7-4706-8495-AA0514FD5DF9} = {78A620C4-0B3E-4106-9BD0-12DA228CF532}
		{29E5ADCC-A50D-4415-934C-9D48DA071753} = {2582F0EF-61C1-485B-AA6A-904469D896EB}
		{D0E7A119-03F2-4680-8ACF-0B989568352E} = {78A620C4-0B3E-4106-9BD0-12DA228CF532}
		{6DA04194-D31C-4381-BA56-9A081794CA35} = {78A620C4-0B3E-4106-9BD0-12DA228CF532}
		{1E2D77C3-AB9E-4FDE-863E-50044659AF5D} = {78A620C4-0B3E-4106-9BD0-12DA228CF532}
	EndGlobalSection
EndGlobal
