// !$*UTF8*$!
{
	archiveVersion = 1;
	classes = {
	};
	objectVersion = 46;
	objects = {

/* Begin PBXBuildFile section */
		8FFC24D11E01C4E900C39FD6 /* Cocoa.framework in Frameworks */ = {isa = PBXBuildFile; fileRef = 8FFC24D01E01C4E900C39FD6 /* Cocoa.framework */; };
		8FFC24D21E01C4F200C39FD6 /* Cocoa.framework in Frameworks */ = {isa = PBXBuildFile; fileRef = 8FFC24D01E01C4E900C39FD6 /* Cocoa.framework */; };
		8FFC24D61E01C6CA00C39FD6 /* GBufferInput.mm in Sources */ = {isa = PBXBuildFile; fileRef = 8FFC24D51E01C6CA00C39FD6 /* GBufferInput.mm */; };
		8FFC24D71E01C6D100C39FD6 /* GBufferInput.mm in Sources */ = {isa = PBXBuildFile; fileRef = 8FFC24D51E01C6CA00C39FD6 /* GBufferInput.mm */; };
/* End PBXBuildFile section */

/* Begin PBXFileReference section */
		8FFC249B1E01C2A500C39FD6 /* GBufferedInput.a */ = {isa = PBXFileReference; explicitFileType = archive.ar; includeInIndex = 0; path = GBufferedInput.a; sourceTree = BUILT_PRODUCTS_DIR; };
		8FFC24C71E01C40800C39FD6 /* GBufferedInput.a */ = {isa = PBXFileReference; explicitFileType = archive.ar; includeInIndex = 0; path = GBufferedInput.a; sourceTree = BUILT_PRODUCTS_DIR; };
		8FFC24D01E01C4E900C39FD6 /* Cocoa.framework */ = {isa = PBXFileReference; lastKnownFileType = wrapper.framework; name = Cocoa.framework; path = System/Library/Frameworks/Cocoa.framework; sourceTree = SDKROOT; };
		8FFC24D51E01C6CA00C39FD6 /* GBufferInput.mm */ = {isa = PBXFileReference; fileEncoding = 4; lastKnownFileType = sourcecode.cpp.objcpp; name = GBufferInput.mm; path = ../../Source/G_System/GBufferInput.mm; sourceTree = "<group>"; };
/* End PBXFileReference section */

/* Begin PBXFrameworksBuildPhase section */
		8FFC24981E01C2A500C39FD6 /* Frameworks */ = {
			isa = PBXFrameworksBuildPhase;
			buildActionMask = 2147483647;
			files = (
				8FFC24D11E01C4E900C39FD6 /* Cocoa.framework in Frameworks */,
			);
			runOnlyForDeploymentPostprocessing = 0;
		};
		8FFC24C21E01C40800C39FD6 /* Frameworks */ = {
			isa = PBXFrameworksBuildPhase;
			buildActionMask = 2147483647;
			files = (
				8FFC24D21E01C4F200C39FD6 /* Cocoa.framework in Frameworks */,
			);
			runOnlyForDeploymentPostprocessing = 0;
		};
/* End PBXFrameworksBuildPhase section */

/* Begin PBXGroup section */
		8FFC24921E01C2A500C39FD6 = {
			isa = PBXGroup;
			children = (
				8FFC24D51E01C6CA00C39FD6 /* GBufferInput.mm */,
				8FFC249C1E01C2A500C39FD6 /* Products */,
				8FFC24CF1E01C4E900C39FD6 /* Frameworks */,
			);
			sourceTree = "<group>";
		};
		8FFC249C1E01C2A500C39FD6 /* Products */ = {
			isa = PBXGroup;
			children = (
				8FFC249B1E01C2A500C39FD6 /* GBufferedInput.a */,
				8FFC24C71E01C40800C39FD6 /* GBufferedInput.a */,
			);
			name = Products;
			sourceTree = "<group>";
		};
		8FFC24CF1E01C4E900C39FD6 /* Frameworks */ = {
			isa = PBXGroup;
			children = (
				8FFC24D01E01C4E900C39FD6 /* Cocoa.framework */,
			);
			name = Frameworks;
			sourceTree = "<group>";
		};
/* End PBXGroup section */

/* Begin PBXHeadersBuildPhase section */
		8FFC24991E01C2A500C39FD6 /* Headers */ = {
			isa = PBXHeadersBuildPhase;
			buildActionMask = 2147483647;
			files = (
			);
			runOnlyForDeploymentPostprocessing = 0;
		};
		8FFC24C31E01C40800C39FD6 /* Headers */ = {
			isa = PBXHeadersBuildPhase;
			buildActionMask = 2147483647;
			files = (
			);
			runOnlyForDeploymentPostprocessing = 0;
		};
/* End PBXHeadersBuildPhase section */

/* Begin PBXNativeTarget section */
		8FFC249A1E01C2A500C39FD6 /* GBufferedInput */ = {
			isa = PBXNativeTarget;
			buildConfigurationList = 8FFC249F1E01C2A500C39FD6 /* Build configuration list for PBXNativeTarget "GBufferedInput" */;
			buildPhases = (
				8FFC24971E01C2A500C39FD6 /* Sources */,
				8FFC24981E01C2A500C39FD6 /* Frameworks */,
				8FFC24991E01C2A500C39FD6 /* Headers */,
			);
			buildRules = (
			);
			dependencies = (
			);
			name = GBufferedInput;
			productName = GBufferedInput;
			productReference = 8FFC249B1E01C2A500C39FD6 /* GBufferedInput.a */;
			productType = "com.apple.product-type.library.static";
		};
		8FFC24C01E01C40800C39FD6 /* GBufferedInput i386 */ = {
			isa = PBXNativeTarget;
			buildConfigurationList = 8FFC24C41E01C40800C39FD6 /* Build configuration list for PBXNativeTarget "GBufferedInput i386" */;
			buildPhases = (
				8FFC24C11E01C40800C39FD6 /* Sources */,
				8FFC24C21E01C40800C39FD6 /* Frameworks */,
				8FFC24C31E01C40800C39FD6 /* Headers */,
			);
			buildRules = (
			);
			dependencies = (
			);
			name = "GBufferedInput i386";
			productName = GBufferedInput;
			productReference = 8FFC24C71E01C40800C39FD6 /* GBufferedInput.a */;
			productType = "com.apple.product-type.library.static";
		};
/* End PBXNativeTarget section */

/* Begin PBXProject section */
		8FFC24931E01C2A500C39FD6 /* Project object */ = {
			isa = PBXProject;
			attributes = {
				LastUpgradeCheck = 0810;
				ORGANIZATIONNAME = "GDBS Tools";
				TargetAttributes = {
					8FFC249A1E01C2A500C39FD6 = {
						CreatedOnToolsVersion = 8.1;
						ProvisioningStyle = Automatic;
					};
				};
			};
			buildConfigurationList = 8FFC24961E01C2A500C39FD6 /* Build configuration list for PBXProject "GBufferedInput" */;
			compatibilityVersion = "Xcode 3.2";
			developmentRegion = English;
			hasScannedForEncodings = 0;
			knownRegions = (
				en,
			);
			mainGroup = 8FFC24921E01C2A500C39FD6;
			productRefGroup = 8FFC249C1E01C2A500C39FD6 /* Products */;
			projectDirPath = "";
			projectRoot = "";
			targets = (
				8FFC249A1E01C2A500C39FD6 /* GBufferedInput */,
				8FFC24C01E01C40800C39FD6 /* GBufferedInput i386 */,
			);
		};
/* End PBXProject section */

/* Begin PBXSourcesBuildPhase section */
		8FFC24971E01C2A500C39FD6 /* Sources */ = {
			isa = PBXSourcesBuildPhase;
			buildActionMask = 2147483647;
			files = (
				8FFC24D61E01C6CA00C39FD6 /* GBufferInput.mm in Sources */,
			);
			runOnlyForDeploymentPostprocessing = 0;
		};
		8FFC24C11E01C40800C39FD6 /* Sources */ = {
			isa = PBXSourcesBuildPhase;
			buildActionMask = 2147483647;
			files = (
				8FFC24D71E01C6D100C39FD6 /* GBufferInput.mm in Sources */,
			);
			runOnlyForDeploymentPostprocessing = 0;
		};
/* End PBXSourcesBuildPhase section */

/* Begin XCBuildConfiguration section */
		8FFC249D1E01C2A500C39FD6 /* Debug */ = {
			isa = XCBuildConfiguration;
			buildSettings = {
				ALWAYS_SEARCH_USER_PATHS = NO;
				CLANG_ANALYZER_NONNULL = YES;
				CLANG_CXX_LANGUAGE_STANDARD = "gnu++0x";
				CLANG_CXX_LIBRARY = "libc++";
				CLANG_ENABLE_MODULES = YES;
				CLANG_ENABLE_OBJC_ARC = YES;
				CLANG_WARN_BOOL_CONVERSION = YES;
				CLANG_WARN_CONSTANT_CONVERSION = YES;
				CLANG_WARN_DIRECT_OBJC_ISA_USAGE = YES_ERROR;
				CLANG_WARN_DOCUMENTATION_COMMENTS = YES;
				CLANG_WARN_EMPTY_BODY = YES;
				CLANG_WARN_ENUM_CONVERSION = YES;
				CLANG_WARN_INFINITE_RECURSION = YES;
				CLANG_WARN_INT_CONVERSION = YES;
				CLANG_WARN_OBJC_ROOT_CLASS = YES_ERROR;
				CLANG_WARN_SUSPICIOUS_MOVES = YES;
				CLANG_WARN_UNREACHABLE_CODE = YES;
				CLANG_WARN__DUPLICATE_METHOD_MATCH = YES;
				CODE_SIGN_IDENTITY = "-";
				COPY_PHASE_STRIP = NO;
				DEBUG_INFORMATION_FORMAT = dwarf;
				ENABLE_STRICT_OBJC_MSGSEND = YES;
				ENABLE_TESTABILITY = YES;
				GCC_C_LANGUAGE_STANDARD = gnu99;
				GCC_DYNAMIC_NO_PIC = NO;
				GCC_NO_COMMON_BLOCKS = YES;
				GCC_OPTIMIZATION_LEVEL = 0;
				GCC_PREPROCESSOR_DEFINITIONS = (
					"DEBUG=1",
					"$(inherited)",
				);
				GCC_WARN_64_TO_32_BIT_CONVERSION = YES;
				GCC_WARN_ABOUT_RETURN_TYPE = YES_ERROR;
				GCC_WARN_UNDECLARED_SELECTOR = YES;
				GCC_WARN_UNINITIALIZED_AUTOS = YES_AGGRESSIVE;
				GCC_WARN_UNUSED_FUNCTION = YES;
				GCC_WARN_UNUSED_VARIABLE = YES;
				MACOSX_DEPLOYMENT_TARGET = 10.12;
				MTL_ENABLE_DEBUG_INFO = YES;
				ONLY_ACTIVE_ARCH = YES;
				SDKROOT = macosx;
			};
			name = Debug;
		};
		8FFC249E1E01C2A500C39FD6 /* Release */ = {
			isa = XCBuildConfiguration;
			buildSettings = {
				ALWAYS_SEARCH_USER_PATHS = NO;
				CLANG_ANALYZER_NONNULL = YES;
				CLANG_CXX_LANGUAGE_STANDARD = "gnu++0x";
				CLANG_CXX_LIBRARY = "libc++";
				CLANG_ENABLE_MODULES = YES;
				CLANG_ENABLE_OBJC_ARC = YES;
				CLANG_WARN_BOOL_CONVERSION = YES;
				CLANG_WARN_CONSTANT_CONVERSION = YES;
				CLANG_WARN_DIRECT_OBJC_ISA_USAGE = YES_ERROR;
				CLANG_WARN_DOCUMENTATION_COMMENTS = YES;
				CLANG_WARN_EMPTY_BODY = YES;
				CLANG_WARN_ENUM_CONVERSION = YES;
				CLANG_WARN_INFINITE_RECURSION = YES;
				CLANG_WARN_INT_CONVERSION = YES;
				CLANG_WARN_OBJC_ROOT_CLASS = YES_ERROR;
				CLANG_WARN_SUSPICIOUS_MOVES = YES;
				CLANG_WARN_UNREACHABLE_CODE = YES;
				CLANG_WARN__DUPLICATE_METHOD_MATCH = YES;
				CODE_SIGN_IDENTITY = "-";
				COPY_PHASE_STRIP = NO;
				DEBUG_INFORMATION_FORMAT = "dwarf-with-dsym";
				ENABLE_NS_ASSERTIONS = NO;
				ENABLE_STRICT_OBJC_MSGSEND = YES;
				GCC_C_LANGUAGE_STANDARD = gnu99;
				GCC_NO_COMMON_BLOCKS = YES;
				GCC_WARN_64_TO_32_BIT_CONVERSION = YES;
				GCC_WARN_ABOUT_RETURN_TYPE = YES_ERROR;
				GCC_WARN_UNDECLARED_SELECTOR = YES;
				GCC_WARN_UNINITIALIZED_AUTOS = YES_AGGRESSIVE;
				GCC_WARN_UNUSED_FUNCTION = YES;
				GCC_WARN_UNUSED_VARIABLE = YES;
				MACOSX_DEPLOYMENT_TARGET = 10.12;
				MTL_ENABLE_DEBUG_INFO = NO;
				SDKROOT = macosx;
			};
			name = Release;
		};
		8FFC24A01E01C2A500C39FD6 /* Debug */ = {
			isa = XCBuildConfiguration;
			buildSettings = {
				ARCHS = "$(ARCHS_STANDARD_64_BIT)";
				CONFIGURATION_BUILD_DIR = "$(BUILD_DIR)/amd64/$(CONFIGURATION)";
				EXECUTABLE_PREFIX = "";
				ONLY_ACTIVE_ARCH = NO;
				PRODUCT_NAME = "$(TARGET_NAME)";
				VALID_ARCHS = x86_64;
			};
			name = Debug;
		};
		8FFC24A11E01C2A500C39FD6 /* Release */ = {
			isa = XCBuildConfiguration;
			buildSettings = {
				ARCHS = "$(ARCHS_STANDARD_64_BIT)";
				CONFIGURATION_BUILD_DIR = "$(BUILD_DIR)/amd64/$(CONFIGURATION)";
				EXECUTABLE_PREFIX = "";
				PRODUCT_NAME = "$(TARGET_NAME)";
				VALID_ARCHS = x86_64;
			};
			name = Release;
		};
		8FFC24C51E01C40800C39FD6 /* Debug */ = {
			isa = XCBuildConfiguration;
			buildSettings = {
				ARCHS = "$(ARCHS_STANDARD_32_BIT)";
				CONFIGURATION_BUILD_DIR = "$(BUILD_DIR)/i386/$(CONFIGURATION)";
				EXECUTABLE_PREFIX = "";
				ONLY_ACTIVE_ARCH = NO;
				PRODUCT_NAME = GBufferedInput;
				VALID_ARCHS = i386;
			};
			name = Debug;
		};
		8FFC24C61E01C40800C39FD6 /* Release */ = {
			isa = XCBuildConfiguration;
			buildSettings = {
				ARCHS = "$(ARCHS_STANDARD_32_BIT)";
				CONFIGURATION_BUILD_DIR = "$(BUILD_DIR)/i386/$(CONFIGURATION)";
				EXECUTABLE_PREFIX = "";
				PRODUCT_NAME = GBufferedInput;
				VALID_ARCHS = i386;
			};
			name = Release;
		};
/* End XCBuildConfiguration section */

/* Begin XCConfigurationList section */
		8FFC24961E01C2A500C39FD6 /* Build configuration list for PBXProject "GBufferedInput" */ = {
			isa = XCConfigurationList;
			buildConfigurations = (
				8FFC249D1E01C2A500C39FD6 /* Debug */,
				8FFC249E1E01C2A500C39FD6 /* Release */,
			);
			defaultConfigurationIsVisible = 0;
			defaultConfigurationName = Release;
		};
		8FFC249F1E01C2A500C39FD6 /* Build configuration list for PBXNativeTarget "GBufferedInput" */ = {
			isa = XCConfigurationList;
			buildConfigurations = (
				8FFC24A01E01C2A500C39FD6 /* Debug */,
				8FFC24A11E01C2A500C39FD6 /* Release */,
			);
			defaultConfigurationIsVisible = 0;
			defaultConfigurationName = Release;
		};
		8FFC24C41E01C40800C39FD6 /* Build configuration list for PBXNativeTarget "GBufferedInput i386" */ = {
			isa = XCConfigurationList;
			buildConfigurations = (
				8FFC24C51E01C40800C39FD6 /* Debug */,
				8FFC24C61E01C40800C39FD6 /* Release */,
			);
			defaultConfigurationIsVisible = 0;
			defaultConfigurationName = Release;
		};
/* End XCConfigurationList section */
	};
	rootObject = 8FFC24931E01C2A500C39FD6 /* Project object */;
}
